// !$*UTF8*$!
{
	archiveVersion = 1;
	classes = {
	};
	objectVersion = 46;
	objects = {

/* Begin PBXAggregateTarget section */
		"DecreeServices::DecreeServicesPackageTests::ProductTarget" /* DecreeServicesPackageTests */ = {
			isa = PBXAggregateTarget;
			buildConfigurationList = OBJ_358 /* Build configuration list for PBXAggregateTarget "DecreeServicesPackageTests" */;
			buildPhases = (
			);
			dependencies = (
				OBJ_361 /* PBXTargetDependency */,
			);
			name = DecreeServicesPackageTests;
			productName = DecreeServicesPackageTests;
		};
/* End PBXAggregateTarget section */

/* Begin PBXBuildFile section */
		OBJ_209 /* AEAD.swift in Sources */ = {isa = PBXBuildFile; fileRef = OBJ_36 /* AEAD.swift */; };
		OBJ_210 /* AEADChaCha20Poly1305.swift in Sources */ = {isa = PBXBuildFile; fileRef = OBJ_37 /* AEADChaCha20Poly1305.swift */; };
		OBJ_211 /* AES.Cryptors.swift in Sources */ = {isa = PBXBuildFile; fileRef = OBJ_38 /* AES.Cryptors.swift */; };
		OBJ_212 /* AES.swift in Sources */ = {isa = PBXBuildFile; fileRef = OBJ_39 /* AES.swift */; };
		OBJ_213 /* Array+Extension.swift in Sources */ = {isa = PBXBuildFile; fileRef = OBJ_40 /* Array+Extension.swift */; };
		OBJ_214 /* Authenticator.swift in Sources */ = {isa = PBXBuildFile; fileRef = OBJ_41 /* Authenticator.swift */; };
		OBJ_215 /* BatchedCollection.swift in Sources */ = {isa = PBXBuildFile; fileRef = OBJ_42 /* BatchedCollection.swift */; };
		OBJ_216 /* Bit.swift in Sources */ = {isa = PBXBuildFile; fileRef = OBJ_43 /* Bit.swift */; };
		OBJ_217 /* BlockCipher.swift in Sources */ = {isa = PBXBuildFile; fileRef = OBJ_44 /* BlockCipher.swift */; };
		OBJ_218 /* BlockDecryptor.swift in Sources */ = {isa = PBXBuildFile; fileRef = OBJ_45 /* BlockDecryptor.swift */; };
		OBJ_219 /* BlockEncryptor.swift in Sources */ = {isa = PBXBuildFile; fileRef = OBJ_46 /* BlockEncryptor.swift */; };
		OBJ_220 /* BlockMode.swift in Sources */ = {isa = PBXBuildFile; fileRef = OBJ_48 /* BlockMode.swift */; };
		OBJ_221 /* BlockModeOptions.swift in Sources */ = {isa = PBXBuildFile; fileRef = OBJ_49 /* BlockModeOptions.swift */; };
		OBJ_222 /* CBC.swift in Sources */ = {isa = PBXBuildFile; fileRef = OBJ_50 /* CBC.swift */; };
		OBJ_223 /* CCM.swift in Sources */ = {isa = PBXBuildFile; fileRef = OBJ_51 /* CCM.swift */; };
		OBJ_224 /* CFB.swift in Sources */ = {isa = PBXBuildFile; fileRef = OBJ_52 /* CFB.swift */; };
		OBJ_225 /* CTR.swift in Sources */ = {isa = PBXBuildFile; fileRef = OBJ_53 /* CTR.swift */; };
		OBJ_226 /* CipherModeWorker.swift in Sources */ = {isa = PBXBuildFile; fileRef = OBJ_54 /* CipherModeWorker.swift */; };
		OBJ_227 /* ECB.swift in Sources */ = {isa = PBXBuildFile; fileRef = OBJ_55 /* ECB.swift */; };
		OBJ_228 /* GCM.swift in Sources */ = {isa = PBXBuildFile; fileRef = OBJ_56 /* GCM.swift */; };
		OBJ_229 /* OFB.swift in Sources */ = {isa = PBXBuildFile; fileRef = OBJ_57 /* OFB.swift */; };
		OBJ_230 /* PCBC.swift in Sources */ = {isa = PBXBuildFile; fileRef = OBJ_58 /* PCBC.swift */; };
		OBJ_231 /* Blowfish.swift in Sources */ = {isa = PBXBuildFile; fileRef = OBJ_59 /* Blowfish.swift */; };
		OBJ_232 /* CBCMAC.swift in Sources */ = {isa = PBXBuildFile; fileRef = OBJ_60 /* CBCMAC.swift */; };
		OBJ_233 /* CMAC.swift in Sources */ = {isa = PBXBuildFile; fileRef = OBJ_61 /* CMAC.swift */; };
		OBJ_234 /* ChaCha20.swift in Sources */ = {isa = PBXBuildFile; fileRef = OBJ_62 /* ChaCha20.swift */; };
		OBJ_235 /* Checksum.swift in Sources */ = {isa = PBXBuildFile; fileRef = OBJ_63 /* Checksum.swift */; };
		OBJ_236 /* Cipher.swift in Sources */ = {isa = PBXBuildFile; fileRef = OBJ_64 /* Cipher.swift */; };
		OBJ_237 /* Collection+Extension.swift in Sources */ = {isa = PBXBuildFile; fileRef = OBJ_65 /* Collection+Extension.swift */; };
		OBJ_238 /* CompactMap.swift in Sources */ = {isa = PBXBuildFile; fileRef = OBJ_66 /* CompactMap.swift */; };
		OBJ_239 /* Cryptor.swift in Sources */ = {isa = PBXBuildFile; fileRef = OBJ_67 /* Cryptor.swift */; };
		OBJ_240 /* Cryptors.swift in Sources */ = {isa = PBXBuildFile; fileRef = OBJ_68 /* Cryptors.swift */; };
		OBJ_241 /* Digest.swift in Sources */ = {isa = PBXBuildFile; fileRef = OBJ_69 /* Digest.swift */; };
		OBJ_242 /* DigestType.swift in Sources */ = {isa = PBXBuildFile; fileRef = OBJ_70 /* DigestType.swift */; };
		OBJ_243 /* AES+Foundation.swift in Sources */ = {isa = PBXBuildFile; fileRef = OBJ_72 /* AES+Foundation.swift */; };
		OBJ_244 /* Array+Foundation.swift in Sources */ = {isa = PBXBuildFile; fileRef = OBJ_73 /* Array+Foundation.swift */; };
		OBJ_245 /* Blowfish+Foundation.swift in Sources */ = {isa = PBXBuildFile; fileRef = OBJ_74 /* Blowfish+Foundation.swift */; };
		OBJ_246 /* ChaCha20+Foundation.swift in Sources */ = {isa = PBXBuildFile; fileRef = OBJ_75 /* ChaCha20+Foundation.swift */; };
		OBJ_247 /* Data+Extension.swift in Sources */ = {isa = PBXBuildFile; fileRef = OBJ_76 /* Data+Extension.swift */; };
		OBJ_248 /* HMAC+Foundation.swift in Sources */ = {isa = PBXBuildFile; fileRef = OBJ_77 /* HMAC+Foundation.swift */; };
		OBJ_249 /* Rabbit+Foundation.swift in Sources */ = {isa = PBXBuildFile; fileRef = OBJ_78 /* Rabbit+Foundation.swift */; };
		OBJ_250 /* String+FoundationExtension.swift in Sources */ = {isa = PBXBuildFile; fileRef = OBJ_79 /* String+FoundationExtension.swift */; };
		OBJ_251 /* Utils+Foundation.swift in Sources */ = {isa = PBXBuildFile; fileRef = OBJ_80 /* Utils+Foundation.swift */; };
		OBJ_252 /* Generics.swift in Sources */ = {isa = PBXBuildFile; fileRef = OBJ_81 /* Generics.swift */; };
		OBJ_253 /* HKDF.swift in Sources */ = {isa = PBXBuildFile; fileRef = OBJ_82 /* HKDF.swift */; };
		OBJ_254 /* HMAC.swift in Sources */ = {isa = PBXBuildFile; fileRef = OBJ_83 /* HMAC.swift */; };
		OBJ_255 /* Int+Extension.swift in Sources */ = {isa = PBXBuildFile; fileRef = OBJ_84 /* Int+Extension.swift */; };
		OBJ_256 /* MD5.swift in Sources */ = {isa = PBXBuildFile; fileRef = OBJ_85 /* MD5.swift */; };
		OBJ_257 /* NoPadding.swift in Sources */ = {isa = PBXBuildFile; fileRef = OBJ_86 /* NoPadding.swift */; };
		OBJ_258 /* Operators.swift in Sources */ = {isa = PBXBuildFile; fileRef = OBJ_87 /* Operators.swift */; };
		OBJ_259 /* PBKDF1.swift in Sources */ = {isa = PBXBuildFile; fileRef = OBJ_89 /* PBKDF1.swift */; };
		OBJ_260 /* PBKDF2.swift in Sources */ = {isa = PBXBuildFile; fileRef = OBJ_90 /* PBKDF2.swift */; };
		OBJ_261 /* PKCS5.swift in Sources */ = {isa = PBXBuildFile; fileRef = OBJ_91 /* PKCS5.swift */; };
		OBJ_262 /* PKCS7.swift in Sources */ = {isa = PBXBuildFile; fileRef = OBJ_92 /* PKCS7.swift */; };
		OBJ_263 /* PKCS7Padding.swift in Sources */ = {isa = PBXBuildFile; fileRef = OBJ_93 /* PKCS7Padding.swift */; };
		OBJ_264 /* Padding.swift in Sources */ = {isa = PBXBuildFile; fileRef = OBJ_94 /* Padding.swift */; };
		OBJ_265 /* Poly1305.swift in Sources */ = {isa = PBXBuildFile; fileRef = OBJ_95 /* Poly1305.swift */; };
		OBJ_266 /* Rabbit.swift in Sources */ = {isa = PBXBuildFile; fileRef = OBJ_96 /* Rabbit.swift */; };
		OBJ_267 /* RandomBytesSequence.swift in Sources */ = {isa = PBXBuildFile; fileRef = OBJ_97 /* RandomBytesSequence.swift */; };
		OBJ_268 /* SHA1.swift in Sources */ = {isa = PBXBuildFile; fileRef = OBJ_98 /* SHA1.swift */; };
		OBJ_269 /* SHA2.swift in Sources */ = {isa = PBXBuildFile; fileRef = OBJ_99 /* SHA2.swift */; };
		OBJ_270 /* SHA3.swift in Sources */ = {isa = PBXBuildFile; fileRef = OBJ_100 /* SHA3.swift */; };
		OBJ_271 /* Scrypt.swift in Sources */ = {isa = PBXBuildFile; fileRef = OBJ_101 /* Scrypt.swift */; };
		OBJ_272 /* SecureBytes.swift in Sources */ = {isa = PBXBuildFile; fileRef = OBJ_102 /* SecureBytes.swift */; };
		OBJ_273 /* StreamDecryptor.swift in Sources */ = {isa = PBXBuildFile; fileRef = OBJ_103 /* StreamDecryptor.swift */; };
		OBJ_274 /* StreamEncryptor.swift in Sources */ = {isa = PBXBuildFile; fileRef = OBJ_104 /* StreamEncryptor.swift */; };
		OBJ_275 /* String+Extension.swift in Sources */ = {isa = PBXBuildFile; fileRef = OBJ_105 /* String+Extension.swift */; };
		OBJ_276 /* UInt128.swift in Sources */ = {isa = PBXBuildFile; fileRef = OBJ_106 /* UInt128.swift */; };
		OBJ_277 /* UInt16+Extension.swift in Sources */ = {isa = PBXBuildFile; fileRef = OBJ_107 /* UInt16+Extension.swift */; };
		OBJ_278 /* UInt32+Extension.swift in Sources */ = {isa = PBXBuildFile; fileRef = OBJ_108 /* UInt32+Extension.swift */; };
		OBJ_279 /* UInt64+Extension.swift in Sources */ = {isa = PBXBuildFile; fileRef = OBJ_109 /* UInt64+Extension.swift */; };
		OBJ_280 /* UInt8+Extension.swift in Sources */ = {isa = PBXBuildFile; fileRef = OBJ_110 /* UInt8+Extension.swift */; };
		OBJ_281 /* Updatable.swift in Sources */ = {isa = PBXBuildFile; fileRef = OBJ_111 /* Updatable.swift */; };
		OBJ_282 /* Utils.swift in Sources */ = {isa = PBXBuildFile; fileRef = OBJ_112 /* Utils.swift */; };
		OBJ_283 /* ZeroPadding.swift in Sources */ = {isa = PBXBuildFile; fileRef = OBJ_113 /* ZeroPadding.swift */; };
		OBJ_290 /* Package.swift in Sources */ = {isa = PBXBuildFile; fileRef = OBJ_114 /* Package.swift */; };
		OBJ_296 /* Authorization.swift in Sources */ = {isa = PBXBuildFile; fileRef = OBJ_118 /* Authorization.swift */; };
		OBJ_297 /* AuthorizationRequirement.swift in Sources */ = {isa = PBXBuildFile; fileRef = OBJ_119 /* AuthorizationRequirement.swift */; };
		OBJ_298 /* DecreeError.swift in Sources */ = {isa = PBXBuildFile; fileRef = OBJ_120 /* DecreeError.swift */; };
		OBJ_299 /* EmptyResult.swift in Sources */ = {isa = PBXBuildFile; fileRef = OBJ_121 /* EmptyResult.swift */; };
		OBJ_300 /* ErrorHandling.swift in Sources */ = {isa = PBXBuildFile; fileRef = OBJ_122 /* ErrorHandling.swift */; };
		OBJ_301 /* ErrorResponse.swift in Sources */ = {isa = PBXBuildFile; fileRef = OBJ_123 /* ErrorResponse.swift */; };
		OBJ_302 /* File.swift in Sources */ = {isa = PBXBuildFile; fileRef = OBJ_124 /* File.swift */; };
		OBJ_303 /* InputFormat.swift in Sources */ = {isa = PBXBuildFile; fileRef = OBJ_125 /* InputFormat.swift */; };
		OBJ_304 /* Method.swift in Sources */ = {isa = PBXBuildFile; fileRef = OBJ_126 /* Method.swift */; };
		OBJ_305 /* NoBasicResponse.swift in Sources */ = {isa = PBXBuildFile; fileRef = OBJ_127 /* NoBasicResponse.swift */; };
		OBJ_306 /* OutputFormat.swift in Sources */ = {isa = PBXBuildFile; fileRef = OBJ_128 /* OutputFormat.swift */; };
		OBJ_307 /* Session.swift in Sources */ = {isa = PBXBuildFile; fileRef = OBJ_129 /* Session.swift */; };
		OBJ_308 /* Endpoint+MakeRequest.swift in Sources */ = {isa = PBXBuildFile; fileRef = OBJ_130 /* Endpoint+MakeRequest.swift */; };
		OBJ_309 /* Endpoint.swift in Sources */ = {isa = PBXBuildFile; fileRef = OBJ_131 /* Endpoint.swift */; };
		OBJ_310 /* Logger.swift in Sources */ = {isa = PBXBuildFile; fileRef = OBJ_132 /* Logger.swift */; };
		OBJ_311 /* FormDataEncoder.swift in Sources */ = {isa = PBXBuildFile; fileRef = OBJ_134 /* FormDataEncoder.swift */; };
		OBJ_312 /* FormURLEncoder.swift in Sources */ = {isa = PBXBuildFile; fileRef = OBJ_135 /* FormURLEncoder.swift */; };
		OBJ_313 /* HTTPStatus.swift in Sources */ = {isa = PBXBuildFile; fileRef = OBJ_136 /* HTTPStatus.swift */; };
		OBJ_314 /* KeyValueEncoder.swift in Sources */ = {isa = PBXBuildFile; fileRef = OBJ_137 /* KeyValueEncoder.swift */; };
		OBJ_315 /* NSXMLParser_ErrorCode.swift in Sources */ = {isa = PBXBuildFile; fileRef = OBJ_138 /* NSXMLParser_ErrorCode.swift */; };
		OBJ_316 /* RequestInput.swift in Sources */ = {isa = PBXBuildFile; fileRef = OBJ_139 /* RequestInput.swift */; };
		OBJ_317 /* String+Helpers.swift in Sources */ = {isa = PBXBuildFile; fileRef = OBJ_140 /* String+Helpers.swift */; };
		OBJ_318 /* String+TitleCase.swift in Sources */ = {isa = PBXBuildFile; fileRef = OBJ_141 /* String+TitleCase.swift */; };
		OBJ_319 /* URLRequest+Logging.swift in Sources */ = {isa = PBXBuildFile; fileRef = OBJ_142 /* URLRequest+Logging.swift */; };
		OBJ_320 /* URLResponse+Logging.swift in Sources */ = {isa = PBXBuildFile; fileRef = OBJ_143 /* URLResponse+Logging.swift */; };
		OBJ_321 /* WebService+MakeRequest.swift in Sources */ = {isa = PBXBuildFile; fileRef = OBJ_144 /* WebService+MakeRequest.swift */; };
		OBJ_322 /* WebService.swift in Sources */ = {isa = PBXBuildFile; fileRef = OBJ_145 /* WebService.swift */; };
		OBJ_324 /* XMLCoder.framework in Frameworks */ = {isa = PBXBuildFile; fileRef = "XMLCoder::XMLCoder::Product" /* XMLCoder.framework */; };
		OBJ_332 /* Package.swift in Sources */ = {isa = PBXBuildFile; fileRef = OBJ_146 /* Package.swift */; };
		OBJ_338 /* AWSS3.swift in Sources */ = {isa = PBXBuildFile; fileRef = OBJ_9 /* AWSS3.swift */; };
		OBJ_339 /* AppleAppStore.swift in Sources */ = {isa = PBXBuildFile; fileRef = OBJ_10 /* AppleAppStore.swift */; };
		OBJ_340 /* FreshDesk.swift in Sources */ = {isa = PBXBuildFile; fileRef = OBJ_11 /* FreshDesk.swift */; };
		OBJ_341 /* GoogleAnalytics.swift in Sources */ = {isa = PBXBuildFile; fileRef = OBJ_12 /* GoogleAnalytics.swift */; };
		OBJ_342 /* AWSS3+Private.swift in Sources */ = {isa = PBXBuildFile; fileRef = OBJ_14 /* AWSS3+Private.swift */; };
		OBJ_343 /* TestableDate.swift in Sources */ = {isa = PBXBuildFile; fileRef = OBJ_15 /* TestableDate.swift */; };
		OBJ_345 /* CryptoSwift.framework in Frameworks */ = {isa = PBXBuildFile; fileRef = "CryptoSwift::CryptoSwift::Product" /* CryptoSwift.framework */; };
		OBJ_346 /* Decree.framework in Frameworks */ = {isa = PBXBuildFile; fileRef = "Decree::Decree::Product" /* Decree.framework */; };
		OBJ_347 /* XMLCoder.framework in Frameworks */ = {isa = PBXBuildFile; fileRef = "XMLCoder::XMLCoder::Product" /* XMLCoder.framework */; };
		OBJ_356 /* Package.swift in Sources */ = {isa = PBXBuildFile; fileRef = OBJ_6 /* Package.swift */; };
		OBJ_367 /* AWSS3Tests.swift in Sources */ = {isa = PBXBuildFile; fileRef = OBJ_18 /* AWSS3Tests.swift */; };
		OBJ_368 /* AppleAppStoreTests.swift in Sources */ = {isa = PBXBuildFile; fileRef = OBJ_19 /* AppleAppStoreTests.swift */; };
		OBJ_369 /* FreshDeskTests.swift in Sources */ = {isa = PBXBuildFile; fileRef = OBJ_20 /* FreshDeskTests.swift */; };
		OBJ_370 /* GoogleAnalyticsTests.swift in Sources */ = {isa = PBXBuildFile; fileRef = OBJ_21 /* GoogleAnalyticsTests.swift */; };
		OBJ_372 /* Data+Helpers.swift in Sources */ = {isa = PBXBuildFile; fileRef = OBJ_24 /* Data+Helpers.swift */; };
		OBJ_373 /* Decodable+Helpers.swift in Sources */ = {isa = PBXBuildFile; fileRef = OBJ_25 /* Decodable+Helpers.swift */; };
		OBJ_374 /* Result+Helpers.swift in Sources */ = {isa = PBXBuildFile; fileRef = OBJ_26 /* Result+Helpers.swift */; };
		OBJ_378 /* TestURLSession.swift in Sources */ = {isa = PBXBuildFile; fileRef = OBJ_30 /* TestURLSession.swift */; };
		OBJ_379 /* XCTestManifests.swift in Sources */ = {isa = PBXBuildFile; fileRef = OBJ_31 /* XCTestManifests.swift */; };
		OBJ_381 /* DecreeServices.framework in Frameworks */ = {isa = PBXBuildFile; fileRef = "DecreeServices::DecreeServices::Product" /* DecreeServices.framework */; };
		OBJ_382 /* CryptoSwift.framework in Frameworks */ = {isa = PBXBuildFile; fileRef = "CryptoSwift::CryptoSwift::Product" /* CryptoSwift.framework */; };
		OBJ_383 /* Decree.framework in Frameworks */ = {isa = PBXBuildFile; fileRef = "Decree::Decree::Product" /* Decree.framework */; };
		OBJ_384 /* XMLCoder.framework in Frameworks */ = {isa = PBXBuildFile; fileRef = "XMLCoder::XMLCoder::Product" /* XMLCoder.framework */; };
		OBJ_393 /* BoolBox.swift in Sources */ = {isa = PBXBuildFile; fileRef = OBJ_151 /* BoolBox.swift */; };
		OBJ_394 /* Box.swift in Sources */ = {isa = PBXBuildFile; fileRef = OBJ_152 /* Box.swift */; };
		OBJ_395 /* DataBox.swift in Sources */ = {isa = PBXBuildFile; fileRef = OBJ_153 /* DataBox.swift */; };
		OBJ_396 /* DateBox.swift in Sources */ = {isa = PBXBuildFile; fileRef = OBJ_154 /* DateBox.swift */; };
		OBJ_397 /* DecimalBox.swift in Sources */ = {isa = PBXBuildFile; fileRef = OBJ_155 /* DecimalBox.swift */; };
		OBJ_398 /* FloatBox.swift in Sources */ = {isa = PBXBuildFile; fileRef = OBJ_156 /* FloatBox.swift */; };
		OBJ_399 /* IntBox.swift in Sources */ = {isa = PBXBuildFile; fileRef = OBJ_157 /* IntBox.swift */; };
		OBJ_400 /* KeyedBox.swift in Sources */ = {isa = PBXBuildFile; fileRef = OBJ_158 /* KeyedBox.swift */; };
		OBJ_401 /* NullBox.swift in Sources */ = {isa = PBXBuildFile; fileRef = OBJ_159 /* NullBox.swift */; };
		OBJ_402 /* SharedBox.swift in Sources */ = {isa = PBXBuildFile; fileRef = OBJ_160 /* SharedBox.swift */; };
		OBJ_403 /* StringBox.swift in Sources */ = {isa = PBXBuildFile; fileRef = OBJ_161 /* StringBox.swift */; };
		OBJ_404 /* UIntBox.swift in Sources */ = {isa = PBXBuildFile; fileRef = OBJ_162 /* UIntBox.swift */; };
		OBJ_405 /* URLBox.swift in Sources */ = {isa = PBXBuildFile; fileRef = OBJ_163 /* URLBox.swift */; };
		OBJ_406 /* UnkeyedBox.swift in Sources */ = {isa = PBXBuildFile; fileRef = OBJ_164 /* UnkeyedBox.swift */; };
		OBJ_407 /* ISO8601DateFormatter.swift in Sources */ = {isa = PBXBuildFile; fileRef = OBJ_165 /* ISO8601DateFormatter.swift */; };
		OBJ_408 /* KeyedStorage.swift in Sources */ = {isa = PBXBuildFile; fileRef = OBJ_166 /* KeyedStorage.swift */; };
		OBJ_409 /* Metatypes.swift in Sources */ = {isa = PBXBuildFile; fileRef = OBJ_167 /* Metatypes.swift */; };
		OBJ_410 /* String+Extensions.swift in Sources */ = {isa = PBXBuildFile; fileRef = OBJ_168 /* String+Extensions.swift */; };
		OBJ_411 /* XMLCoderElement.swift in Sources */ = {isa = PBXBuildFile; fileRef = OBJ_169 /* XMLCoderElement.swift */; };
		OBJ_412 /* XMLHeader.swift in Sources */ = {isa = PBXBuildFile; fileRef = OBJ_170 /* XMLHeader.swift */; };
		OBJ_413 /* XMLKey.swift in Sources */ = {isa = PBXBuildFile; fileRef = OBJ_171 /* XMLKey.swift */; };
		OBJ_414 /* XMLStackParser.swift in Sources */ = {isa = PBXBuildFile; fileRef = OBJ_172 /* XMLStackParser.swift */; };
		OBJ_415 /* DecodingErrorExtension.swift in Sources */ = {isa = PBXBuildFile; fileRef = OBJ_174 /* DecodingErrorExtension.swift */; };
		OBJ_416 /* DynamicNodeDecoding.swift in Sources */ = {isa = PBXBuildFile; fileRef = OBJ_175 /* DynamicNodeDecoding.swift */; };
		OBJ_417 /* SingleValueDecodingContainer.swift in Sources */ = {isa = PBXBuildFile; fileRef = OBJ_176 /* SingleValueDecodingContainer.swift */; };
		OBJ_418 /* XMLDecoder.swift in Sources */ = {isa = PBXBuildFile; fileRef = OBJ_177 /* XMLDecoder.swift */; };
		OBJ_419 /* XMLDecoderImplementation.swift in Sources */ = {isa = PBXBuildFile; fileRef = OBJ_178 /* XMLDecoderImplementation.swift */; };
		OBJ_420 /* XMLDecodingStorage.swift in Sources */ = {isa = PBXBuildFile; fileRef = OBJ_179 /* XMLDecodingStorage.swift */; };
		OBJ_421 /* XMLKeyedDecodingContainer.swift in Sources */ = {isa = PBXBuildFile; fileRef = OBJ_180 /* XMLKeyedDecodingContainer.swift */; };
		OBJ_422 /* XMLUnkeyedDecodingContainer.swift in Sources */ = {isa = PBXBuildFile; fileRef = OBJ_181 /* XMLUnkeyedDecodingContainer.swift */; };
		OBJ_423 /* DynamicNodeEncoding.swift in Sources */ = {isa = PBXBuildFile; fileRef = OBJ_183 /* DynamicNodeEncoding.swift */; };
		OBJ_424 /* EncodingErrorExtension.swift in Sources */ = {isa = PBXBuildFile; fileRef = OBJ_184 /* EncodingErrorExtension.swift */; };
		OBJ_425 /* SingleValueEncodingContainer.swift in Sources */ = {isa = PBXBuildFile; fileRef = OBJ_185 /* SingleValueEncodingContainer.swift */; };
		OBJ_426 /* XMLEncoder.swift in Sources */ = {isa = PBXBuildFile; fileRef = OBJ_186 /* XMLEncoder.swift */; };
		OBJ_427 /* XMLEncoderImplementation.swift in Sources */ = {isa = PBXBuildFile; fileRef = OBJ_187 /* XMLEncoderImplementation.swift */; };
		OBJ_428 /* XMLEncodingStorage.swift in Sources */ = {isa = PBXBuildFile; fileRef = OBJ_188 /* XMLEncodingStorage.swift */; };
		OBJ_429 /* XMLKeyedEncodingContainer.swift in Sources */ = {isa = PBXBuildFile; fileRef = OBJ_189 /* XMLKeyedEncodingContainer.swift */; };
		OBJ_430 /* XMLReferencingEncoder.swift in Sources */ = {isa = PBXBuildFile; fileRef = OBJ_190 /* XMLReferencingEncoder.swift */; };
		OBJ_431 /* XMLUnkeyedEncodingContainer.swift in Sources */ = {isa = PBXBuildFile; fileRef = OBJ_191 /* XMLUnkeyedEncodingContainer.swift */; };
		OBJ_438 /* Package.swift in Sources */ = {isa = PBXBuildFile; fileRef = OBJ_192 /* Package.swift */; };
/* End PBXBuildFile section */

/* Begin PBXContainerItemProxy section */
		49A958EA22EA716400546845 /* PBXContainerItemProxy */ = {
			isa = PBXContainerItemProxy;
			containerPortal = OBJ_1 /* Project object */;
			proxyType = 1;
			remoteGlobalIDString = "CryptoSwift::CryptoSwift";
			remoteInfo = CryptoSwift;
		};
		49A958EB22EA716400546845 /* PBXContainerItemProxy */ = {
			isa = PBXContainerItemProxy;
			containerPortal = OBJ_1 /* Project object */;
			proxyType = 1;
			remoteGlobalIDString = "Decree::Decree";
			remoteInfo = Decree;
		};
		49A958EC22EA716400546845 /* PBXContainerItemProxy */ = {
			isa = PBXContainerItemProxy;
			containerPortal = OBJ_1 /* Project object */;
			proxyType = 1;
			remoteGlobalIDString = "XMLCoder::XMLCoder";
			remoteInfo = XMLCoder;
		};
		49A958ED22EA716400546845 /* PBXContainerItemProxy */ = {
			isa = PBXContainerItemProxy;
			containerPortal = OBJ_1 /* Project object */;
			proxyType = 1;
			remoteGlobalIDString = "XMLCoder::XMLCoder";
			remoteInfo = XMLCoder;
		};
		49A958EE22EA716400546845 /* PBXContainerItemProxy */ = {
			isa = PBXContainerItemProxy;
			containerPortal = OBJ_1 /* Project object */;
			proxyType = 1;
			remoteGlobalIDString = "DecreeServices::DecreeServices";
			remoteInfo = DecreeServices;
		};
		49A958EF22EA716400546845 /* PBXContainerItemProxy */ = {
			isa = PBXContainerItemProxy;
			containerPortal = OBJ_1 /* Project object */;
			proxyType = 1;
			remoteGlobalIDString = "CryptoSwift::CryptoSwift";
			remoteInfo = CryptoSwift;
		};
		49A958F022EA716400546845 /* PBXContainerItemProxy */ = {
			isa = PBXContainerItemProxy;
			containerPortal = OBJ_1 /* Project object */;
			proxyType = 1;
			remoteGlobalIDString = "Decree::Decree";
			remoteInfo = Decree;
		};
		49A958F122EA716400546845 /* PBXContainerItemProxy */ = {
			isa = PBXContainerItemProxy;
			containerPortal = OBJ_1 /* Project object */;
			proxyType = 1;
			remoteGlobalIDString = "XMLCoder::XMLCoder";
			remoteInfo = XMLCoder;
		};
		49A958F222EA716500546845 /* PBXContainerItemProxy */ = {
			isa = PBXContainerItemProxy;
			containerPortal = OBJ_1 /* Project object */;
			proxyType = 1;
			remoteGlobalIDString = "DecreeServices::DecreeServicesTests";
			remoteInfo = DecreeServicesTests;
		};
/* End PBXContainerItemProxy section */

/* Begin PBXFileReference section */
		"CryptoSwift::CryptoSwift::Product" /* CryptoSwift.framework */ = {isa = PBXFileReference; lastKnownFileType = wrapper.framework; path = CryptoSwift.framework; sourceTree = BUILT_PRODUCTS_DIR; };
		"Decree::Decree::Product" /* Decree.framework */ = {isa = PBXFileReference; lastKnownFileType = wrapper.framework; path = Decree.framework; sourceTree = BUILT_PRODUCTS_DIR; };
		"DecreeServices::DecreeServices::Product" /* DecreeServices.framework */ = {isa = PBXFileReference; lastKnownFileType = wrapper.framework; path = DecreeServices.framework; sourceTree = BUILT_PRODUCTS_DIR; };
		"DecreeServices::DecreeServicesTests::Product" /* DecreeServicesTests.xctest */ = {isa = PBXFileReference; lastKnownFileType = file; path = DecreeServicesTests.xctest; sourceTree = BUILT_PRODUCTS_DIR; };
		OBJ_10 /* AppleAppStore.swift */ = {isa = PBXFileReference; lastKnownFileType = sourcecode.swift; path = AppleAppStore.swift; sourceTree = "<group>"; };
		OBJ_100 /* SHA3.swift */ = {isa = PBXFileReference; lastKnownFileType = sourcecode.swift; path = SHA3.swift; sourceTree = "<group>"; };
		OBJ_101 /* Scrypt.swift */ = {isa = PBXFileReference; lastKnownFileType = sourcecode.swift; path = Scrypt.swift; sourceTree = "<group>"; };
		OBJ_102 /* SecureBytes.swift */ = {isa = PBXFileReference; lastKnownFileType = sourcecode.swift; path = SecureBytes.swift; sourceTree = "<group>"; };
		OBJ_103 /* StreamDecryptor.swift */ = {isa = PBXFileReference; lastKnownFileType = sourcecode.swift; path = StreamDecryptor.swift; sourceTree = "<group>"; };
		OBJ_104 /* StreamEncryptor.swift */ = {isa = PBXFileReference; lastKnownFileType = sourcecode.swift; path = StreamEncryptor.swift; sourceTree = "<group>"; };
		OBJ_105 /* String+Extension.swift */ = {isa = PBXFileReference; lastKnownFileType = sourcecode.swift; path = "String+Extension.swift"; sourceTree = "<group>"; };
		OBJ_106 /* UInt128.swift */ = {isa = PBXFileReference; lastKnownFileType = sourcecode.swift; path = UInt128.swift; sourceTree = "<group>"; };
		OBJ_107 /* UInt16+Extension.swift */ = {isa = PBXFileReference; lastKnownFileType = sourcecode.swift; path = "UInt16+Extension.swift"; sourceTree = "<group>"; };
		OBJ_108 /* UInt32+Extension.swift */ = {isa = PBXFileReference; lastKnownFileType = sourcecode.swift; path = "UInt32+Extension.swift"; sourceTree = "<group>"; };
		OBJ_109 /* UInt64+Extension.swift */ = {isa = PBXFileReference; lastKnownFileType = sourcecode.swift; path = "UInt64+Extension.swift"; sourceTree = "<group>"; };
		OBJ_11 /* FreshDesk.swift */ = {isa = PBXFileReference; lastKnownFileType = sourcecode.swift; path = FreshDesk.swift; sourceTree = "<group>"; };
		OBJ_110 /* UInt8+Extension.swift */ = {isa = PBXFileReference; lastKnownFileType = sourcecode.swift; path = "UInt8+Extension.swift"; sourceTree = "<group>"; };
		OBJ_111 /* Updatable.swift */ = {isa = PBXFileReference; lastKnownFileType = sourcecode.swift; path = Updatable.swift; sourceTree = "<group>"; };
		OBJ_112 /* Utils.swift */ = {isa = PBXFileReference; lastKnownFileType = sourcecode.swift; path = Utils.swift; sourceTree = "<group>"; };
		OBJ_113 /* ZeroPadding.swift */ = {isa = PBXFileReference; lastKnownFileType = sourcecode.swift; path = ZeroPadding.swift; sourceTree = "<group>"; };
		OBJ_114 /* Package.swift */ = {isa = PBXFileReference; explicitFileType = sourcecode.swift; name = Package.swift; path = "/Users/andrew/git/personal/decree-services/.build/checkouts/CryptoSwift/Package.swift"; sourceTree = "<group>"; };
		OBJ_118 /* Authorization.swift */ = {isa = PBXFileReference; lastKnownFileType = sourcecode.swift; path = Authorization.swift; sourceTree = "<group>"; };
		OBJ_119 /* AuthorizationRequirement.swift */ = {isa = PBXFileReference; lastKnownFileType = sourcecode.swift; path = AuthorizationRequirement.swift; sourceTree = "<group>"; };
		OBJ_12 /* GoogleAnalytics.swift */ = {isa = PBXFileReference; lastKnownFileType = sourcecode.swift; path = GoogleAnalytics.swift; sourceTree = "<group>"; };
		OBJ_120 /* DecreeError.swift */ = {isa = PBXFileReference; lastKnownFileType = sourcecode.swift; path = DecreeError.swift; sourceTree = "<group>"; };
		OBJ_121 /* EmptyResult.swift */ = {isa = PBXFileReference; lastKnownFileType = sourcecode.swift; path = EmptyResult.swift; sourceTree = "<group>"; };
		OBJ_122 /* ErrorHandling.swift */ = {isa = PBXFileReference; lastKnownFileType = sourcecode.swift; path = ErrorHandling.swift; sourceTree = "<group>"; };
		OBJ_123 /* ErrorResponse.swift */ = {isa = PBXFileReference; lastKnownFileType = sourcecode.swift; path = ErrorResponse.swift; sourceTree = "<group>"; };
		OBJ_124 /* File.swift */ = {isa = PBXFileReference; lastKnownFileType = sourcecode.swift; path = File.swift; sourceTree = "<group>"; };
		OBJ_125 /* InputFormat.swift */ = {isa = PBXFileReference; lastKnownFileType = sourcecode.swift; path = InputFormat.swift; sourceTree = "<group>"; };
		OBJ_126 /* Method.swift */ = {isa = PBXFileReference; lastKnownFileType = sourcecode.swift; path = Method.swift; sourceTree = "<group>"; };
		OBJ_127 /* NoBasicResponse.swift */ = {isa = PBXFileReference; lastKnownFileType = sourcecode.swift; path = NoBasicResponse.swift; sourceTree = "<group>"; };
		OBJ_128 /* OutputFormat.swift */ = {isa = PBXFileReference; lastKnownFileType = sourcecode.swift; path = OutputFormat.swift; sourceTree = "<group>"; };
		OBJ_129 /* Session.swift */ = {isa = PBXFileReference; lastKnownFileType = sourcecode.swift; path = Session.swift; sourceTree = "<group>"; };
		OBJ_130 /* Endpoint+MakeRequest.swift */ = {isa = PBXFileReference; lastKnownFileType = sourcecode.swift; path = "Endpoint+MakeRequest.swift"; sourceTree = "<group>"; };
		OBJ_131 /* Endpoint.swift */ = {isa = PBXFileReference; lastKnownFileType = sourcecode.swift; path = Endpoint.swift; sourceTree = "<group>"; };
		OBJ_132 /* Logger.swift */ = {isa = PBXFileReference; lastKnownFileType = sourcecode.swift; path = Logger.swift; sourceTree = "<group>"; };
		OBJ_134 /* FormDataEncoder.swift */ = {isa = PBXFileReference; lastKnownFileType = sourcecode.swift; path = FormDataEncoder.swift; sourceTree = "<group>"; };
		OBJ_135 /* FormURLEncoder.swift */ = {isa = PBXFileReference; lastKnownFileType = sourcecode.swift; path = FormURLEncoder.swift; sourceTree = "<group>"; };
		OBJ_136 /* HTTPStatus.swift */ = {isa = PBXFileReference; lastKnownFileType = sourcecode.swift; path = HTTPStatus.swift; sourceTree = "<group>"; };
		OBJ_137 /* KeyValueEncoder.swift */ = {isa = PBXFileReference; lastKnownFileType = sourcecode.swift; path = KeyValueEncoder.swift; sourceTree = "<group>"; };
		OBJ_138 /* NSXMLParser_ErrorCode.swift */ = {isa = PBXFileReference; lastKnownFileType = sourcecode.swift; path = NSXMLParser_ErrorCode.swift; sourceTree = "<group>"; };
		OBJ_139 /* RequestInput.swift */ = {isa = PBXFileReference; lastKnownFileType = sourcecode.swift; path = RequestInput.swift; sourceTree = "<group>"; };
		OBJ_14 /* AWSS3+Private.swift */ = {isa = PBXFileReference; lastKnownFileType = sourcecode.swift; path = "AWSS3+Private.swift"; sourceTree = "<group>"; };
		OBJ_140 /* String+Helpers.swift */ = {isa = PBXFileReference; lastKnownFileType = sourcecode.swift; path = "String+Helpers.swift"; sourceTree = "<group>"; };
		OBJ_141 /* String+TitleCase.swift */ = {isa = PBXFileReference; lastKnownFileType = sourcecode.swift; path = "String+TitleCase.swift"; sourceTree = "<group>"; };
		OBJ_142 /* URLRequest+Logging.swift */ = {isa = PBXFileReference; lastKnownFileType = sourcecode.swift; path = "URLRequest+Logging.swift"; sourceTree = "<group>"; };
		OBJ_143 /* URLResponse+Logging.swift */ = {isa = PBXFileReference; lastKnownFileType = sourcecode.swift; path = "URLResponse+Logging.swift"; sourceTree = "<group>"; };
		OBJ_144 /* WebService+MakeRequest.swift */ = {isa = PBXFileReference; lastKnownFileType = sourcecode.swift; path = "WebService+MakeRequest.swift"; sourceTree = "<group>"; };
		OBJ_145 /* WebService.swift */ = {isa = PBXFileReference; lastKnownFileType = sourcecode.swift; path = WebService.swift; sourceTree = "<group>"; };
		OBJ_146 /* Package.swift */ = {isa = PBXFileReference; explicitFileType = sourcecode.swift; name = Package.swift; path = "/Users/andrew/git/personal/decree-services/.build/checkouts/Decree/Package.swift"; sourceTree = "<group>"; };
		OBJ_15 /* TestableDate.swift */ = {isa = PBXFileReference; lastKnownFileType = sourcecode.swift; path = TestableDate.swift; sourceTree = "<group>"; };
		OBJ_151 /* BoolBox.swift */ = {isa = PBXFileReference; lastKnownFileType = sourcecode.swift; path = BoolBox.swift; sourceTree = "<group>"; };
		OBJ_152 /* Box.swift */ = {isa = PBXFileReference; lastKnownFileType = sourcecode.swift; path = Box.swift; sourceTree = "<group>"; };
		OBJ_153 /* DataBox.swift */ = {isa = PBXFileReference; lastKnownFileType = sourcecode.swift; path = DataBox.swift; sourceTree = "<group>"; };
		OBJ_154 /* DateBox.swift */ = {isa = PBXFileReference; lastKnownFileType = sourcecode.swift; path = DateBox.swift; sourceTree = "<group>"; };
		OBJ_155 /* DecimalBox.swift */ = {isa = PBXFileReference; lastKnownFileType = sourcecode.swift; path = DecimalBox.swift; sourceTree = "<group>"; };
		OBJ_156 /* FloatBox.swift */ = {isa = PBXFileReference; lastKnownFileType = sourcecode.swift; path = FloatBox.swift; sourceTree = "<group>"; };
		OBJ_157 /* IntBox.swift */ = {isa = PBXFileReference; lastKnownFileType = sourcecode.swift; path = IntBox.swift; sourceTree = "<group>"; };
		OBJ_158 /* KeyedBox.swift */ = {isa = PBXFileReference; lastKnownFileType = sourcecode.swift; path = KeyedBox.swift; sourceTree = "<group>"; };
		OBJ_159 /* NullBox.swift */ = {isa = PBXFileReference; lastKnownFileType = sourcecode.swift; path = NullBox.swift; sourceTree = "<group>"; };
		OBJ_160 /* SharedBox.swift */ = {isa = PBXFileReference; lastKnownFileType = sourcecode.swift; path = SharedBox.swift; sourceTree = "<group>"; };
		OBJ_161 /* StringBox.swift */ = {isa = PBXFileReference; lastKnownFileType = sourcecode.swift; path = StringBox.swift; sourceTree = "<group>"; };
		OBJ_162 /* UIntBox.swift */ = {isa = PBXFileReference; lastKnownFileType = sourcecode.swift; path = UIntBox.swift; sourceTree = "<group>"; };
		OBJ_163 /* URLBox.swift */ = {isa = PBXFileReference; lastKnownFileType = sourcecode.swift; path = URLBox.swift; sourceTree = "<group>"; };
		OBJ_164 /* UnkeyedBox.swift */ = {isa = PBXFileReference; lastKnownFileType = sourcecode.swift; path = UnkeyedBox.swift; sourceTree = "<group>"; };
		OBJ_165 /* ISO8601DateFormatter.swift */ = {isa = PBXFileReference; lastKnownFileType = sourcecode.swift; path = ISO8601DateFormatter.swift; sourceTree = "<group>"; };
		OBJ_166 /* KeyedStorage.swift */ = {isa = PBXFileReference; lastKnownFileType = sourcecode.swift; path = KeyedStorage.swift; sourceTree = "<group>"; };
		OBJ_167 /* Metatypes.swift */ = {isa = PBXFileReference; lastKnownFileType = sourcecode.swift; path = Metatypes.swift; sourceTree = "<group>"; };
		OBJ_168 /* String+Extensions.swift */ = {isa = PBXFileReference; lastKnownFileType = sourcecode.swift; path = "String+Extensions.swift"; sourceTree = "<group>"; };
		OBJ_169 /* XMLCoderElement.swift */ = {isa = PBXFileReference; lastKnownFileType = sourcecode.swift; path = XMLCoderElement.swift; sourceTree = "<group>"; };
		OBJ_170 /* XMLHeader.swift */ = {isa = PBXFileReference; lastKnownFileType = sourcecode.swift; path = XMLHeader.swift; sourceTree = "<group>"; };
		OBJ_171 /* XMLKey.swift */ = {isa = PBXFileReference; lastKnownFileType = sourcecode.swift; path = XMLKey.swift; sourceTree = "<group>"; };
		OBJ_172 /* XMLStackParser.swift */ = {isa = PBXFileReference; lastKnownFileType = sourcecode.swift; path = XMLStackParser.swift; sourceTree = "<group>"; };
		OBJ_174 /* DecodingErrorExtension.swift */ = {isa = PBXFileReference; lastKnownFileType = sourcecode.swift; path = DecodingErrorExtension.swift; sourceTree = "<group>"; };
		OBJ_175 /* DynamicNodeDecoding.swift */ = {isa = PBXFileReference; lastKnownFileType = sourcecode.swift; path = DynamicNodeDecoding.swift; sourceTree = "<group>"; };
		OBJ_176 /* SingleValueDecodingContainer.swift */ = {isa = PBXFileReference; lastKnownFileType = sourcecode.swift; path = SingleValueDecodingContainer.swift; sourceTree = "<group>"; };
		OBJ_177 /* XMLDecoder.swift */ = {isa = PBXFileReference; lastKnownFileType = sourcecode.swift; path = XMLDecoder.swift; sourceTree = "<group>"; };
		OBJ_178 /* XMLDecoderImplementation.swift */ = {isa = PBXFileReference; lastKnownFileType = sourcecode.swift; path = XMLDecoderImplementation.swift; sourceTree = "<group>"; };
		OBJ_179 /* XMLDecodingStorage.swift */ = {isa = PBXFileReference; lastKnownFileType = sourcecode.swift; path = XMLDecodingStorage.swift; sourceTree = "<group>"; };
		OBJ_18 /* AWSS3Tests.swift */ = {isa = PBXFileReference; lastKnownFileType = sourcecode.swift; path = AWSS3Tests.swift; sourceTree = "<group>"; };
		OBJ_180 /* XMLKeyedDecodingContainer.swift */ = {isa = PBXFileReference; lastKnownFileType = sourcecode.swift; path = XMLKeyedDecodingContainer.swift; sourceTree = "<group>"; };
		OBJ_181 /* XMLUnkeyedDecodingContainer.swift */ = {isa = PBXFileReference; lastKnownFileType = sourcecode.swift; path = XMLUnkeyedDecodingContainer.swift; sourceTree = "<group>"; };
		OBJ_183 /* DynamicNodeEncoding.swift */ = {isa = PBXFileReference; lastKnownFileType = sourcecode.swift; path = DynamicNodeEncoding.swift; sourceTree = "<group>"; };
		OBJ_184 /* EncodingErrorExtension.swift */ = {isa = PBXFileReference; lastKnownFileType = sourcecode.swift; path = EncodingErrorExtension.swift; sourceTree = "<group>"; };
		OBJ_185 /* SingleValueEncodingContainer.swift */ = {isa = PBXFileReference; lastKnownFileType = sourcecode.swift; path = SingleValueEncodingContainer.swift; sourceTree = "<group>"; };
		OBJ_186 /* XMLEncoder.swift */ = {isa = PBXFileReference; lastKnownFileType = sourcecode.swift; path = XMLEncoder.swift; sourceTree = "<group>"; };
		OBJ_187 /* XMLEncoderImplementation.swift */ = {isa = PBXFileReference; lastKnownFileType = sourcecode.swift; path = XMLEncoderImplementation.swift; sourceTree = "<group>"; };
		OBJ_188 /* XMLEncodingStorage.swift */ = {isa = PBXFileReference; lastKnownFileType = sourcecode.swift; path = XMLEncodingStorage.swift; sourceTree = "<group>"; };
		OBJ_189 /* XMLKeyedEncodingContainer.swift */ = {isa = PBXFileReference; lastKnownFileType = sourcecode.swift; path = XMLKeyedEncodingContainer.swift; sourceTree = "<group>"; };
		OBJ_19 /* AppleAppStoreTests.swift */ = {isa = PBXFileReference; lastKnownFileType = sourcecode.swift; path = AppleAppStoreTests.swift; sourceTree = "<group>"; };
		OBJ_190 /* XMLReferencingEncoder.swift */ = {isa = PBXFileReference; lastKnownFileType = sourcecode.swift; path = XMLReferencingEncoder.swift; sourceTree = "<group>"; };
		OBJ_191 /* XMLUnkeyedEncodingContainer.swift */ = {isa = PBXFileReference; lastKnownFileType = sourcecode.swift; path = XMLUnkeyedEncodingContainer.swift; sourceTree = "<group>"; };
		OBJ_192 /* Package.swift */ = {isa = PBXFileReference; explicitFileType = sourcecode.swift; name = Package.swift; path = "/Users/andrew/git/personal/decree-services/.build/checkouts/XMLCoder/Package.swift"; sourceTree = "<group>"; };
		OBJ_199 /* Assets */ = {isa = PBXFileReference; lastKnownFileType = folder; path = Assets; sourceTree = SOURCE_ROOT; };
		OBJ_20 /* FreshDeskTests.swift */ = {isa = PBXFileReference; lastKnownFileType = sourcecode.swift; path = FreshDeskTests.swift; sourceTree = "<group>"; };
		OBJ_200 /* LICENSE */ = {isa = PBXFileReference; lastKnownFileType = text; path = LICENSE; sourceTree = "<group>"; };
		OBJ_201 /* DecreeServices.podspec */ = {isa = PBXFileReference; lastKnownFileType = text; path = DecreeServices.podspec; sourceTree = "<group>"; };
		OBJ_202 /* azure-pipelines.yml */ = {isa = PBXFileReference; lastKnownFileType = text; path = "azure-pipelines.yml"; sourceTree = "<group>"; };
		OBJ_203 /* README.md */ = {isa = PBXFileReference; lastKnownFileType = net.daringfireball.markdown; path = README.md; sourceTree = "<group>"; };
		OBJ_21 /* GoogleAnalyticsTests.swift */ = {isa = PBXFileReference; lastKnownFileType = sourcecode.swift; path = GoogleAnalyticsTests.swift; sourceTree = "<group>"; };
		OBJ_24 /* Data+Helpers.swift */ = {isa = PBXFileReference; lastKnownFileType = sourcecode.swift; path = "Data+Helpers.swift"; sourceTree = "<group>"; };
		OBJ_25 /* Decodable+Helpers.swift */ = {isa = PBXFileReference; lastKnownFileType = sourcecode.swift; path = "Decodable+Helpers.swift"; sourceTree = "<group>"; };
		OBJ_26 /* Result+Helpers.swift */ = {isa = PBXFileReference; lastKnownFileType = sourcecode.swift; path = "Result+Helpers.swift"; sourceTree = "<group>"; };
		OBJ_30 /* TestURLSession.swift */ = {isa = PBXFileReference; lastKnownFileType = sourcecode.swift; path = TestURLSession.swift; sourceTree = "<group>"; };
		OBJ_31 /* XCTestManifests.swift */ = {isa = PBXFileReference; lastKnownFileType = sourcecode.swift; path = XCTestManifests.swift; sourceTree = "<group>"; };
		OBJ_36 /* AEAD.swift */ = {isa = PBXFileReference; lastKnownFileType = sourcecode.swift; path = AEAD.swift; sourceTree = "<group>"; };
		OBJ_37 /* AEADChaCha20Poly1305.swift */ = {isa = PBXFileReference; lastKnownFileType = sourcecode.swift; path = AEADChaCha20Poly1305.swift; sourceTree = "<group>"; };
		OBJ_38 /* AES.Cryptors.swift */ = {isa = PBXFileReference; lastKnownFileType = sourcecode.swift; path = AES.Cryptors.swift; sourceTree = "<group>"; };
		OBJ_39 /* AES.swift */ = {isa = PBXFileReference; lastKnownFileType = sourcecode.swift; path = AES.swift; sourceTree = "<group>"; };
		OBJ_40 /* Array+Extension.swift */ = {isa = PBXFileReference; lastKnownFileType = sourcecode.swift; path = "Array+Extension.swift"; sourceTree = "<group>"; };
		OBJ_41 /* Authenticator.swift */ = {isa = PBXFileReference; lastKnownFileType = sourcecode.swift; path = Authenticator.swift; sourceTree = "<group>"; };
		OBJ_42 /* BatchedCollection.swift */ = {isa = PBXFileReference; lastKnownFileType = sourcecode.swift; path = BatchedCollection.swift; sourceTree = "<group>"; };
		OBJ_43 /* Bit.swift */ = {isa = PBXFileReference; lastKnownFileType = sourcecode.swift; path = Bit.swift; sourceTree = "<group>"; };
		OBJ_44 /* BlockCipher.swift */ = {isa = PBXFileReference; lastKnownFileType = sourcecode.swift; path = BlockCipher.swift; sourceTree = "<group>"; };
		OBJ_45 /* BlockDecryptor.swift */ = {isa = PBXFileReference; lastKnownFileType = sourcecode.swift; path = BlockDecryptor.swift; sourceTree = "<group>"; };
		OBJ_46 /* BlockEncryptor.swift */ = {isa = PBXFileReference; lastKnownFileType = sourcecode.swift; path = BlockEncryptor.swift; sourceTree = "<group>"; };
		OBJ_48 /* BlockMode.swift */ = {isa = PBXFileReference; lastKnownFileType = sourcecode.swift; path = BlockMode.swift; sourceTree = "<group>"; };
		OBJ_49 /* BlockModeOptions.swift */ = {isa = PBXFileReference; lastKnownFileType = sourcecode.swift; path = BlockModeOptions.swift; sourceTree = "<group>"; };
		OBJ_50 /* CBC.swift */ = {isa = PBXFileReference; lastKnownFileType = sourcecode.swift; path = CBC.swift; sourceTree = "<group>"; };
		OBJ_51 /* CCM.swift */ = {isa = PBXFileReference; lastKnownFileType = sourcecode.swift; path = CCM.swift; sourceTree = "<group>"; };
		OBJ_52 /* CFB.swift */ = {isa = PBXFileReference; lastKnownFileType = sourcecode.swift; path = CFB.swift; sourceTree = "<group>"; };
		OBJ_53 /* CTR.swift */ = {isa = PBXFileReference; lastKnownFileType = sourcecode.swift; path = CTR.swift; sourceTree = "<group>"; };
		OBJ_54 /* CipherModeWorker.swift */ = {isa = PBXFileReference; lastKnownFileType = sourcecode.swift; path = CipherModeWorker.swift; sourceTree = "<group>"; };
		OBJ_55 /* ECB.swift */ = {isa = PBXFileReference; lastKnownFileType = sourcecode.swift; path = ECB.swift; sourceTree = "<group>"; };
		OBJ_56 /* GCM.swift */ = {isa = PBXFileReference; lastKnownFileType = sourcecode.swift; path = GCM.swift; sourceTree = "<group>"; };
		OBJ_57 /* OFB.swift */ = {isa = PBXFileReference; lastKnownFileType = sourcecode.swift; path = OFB.swift; sourceTree = "<group>"; };
		OBJ_58 /* PCBC.swift */ = {isa = PBXFileReference; lastKnownFileType = sourcecode.swift; path = PCBC.swift; sourceTree = "<group>"; };
		OBJ_59 /* Blowfish.swift */ = {isa = PBXFileReference; lastKnownFileType = sourcecode.swift; path = Blowfish.swift; sourceTree = "<group>"; };
		OBJ_6 /* Package.swift */ = {isa = PBXFileReference; explicitFileType = sourcecode.swift; path = Package.swift; sourceTree = "<group>"; };
		OBJ_60 /* CBCMAC.swift */ = {isa = PBXFileReference; lastKnownFileType = sourcecode.swift; path = CBCMAC.swift; sourceTree = "<group>"; };
		OBJ_61 /* CMAC.swift */ = {isa = PBXFileReference; lastKnownFileType = sourcecode.swift; path = CMAC.swift; sourceTree = "<group>"; };
		OBJ_62 /* ChaCha20.swift */ = {isa = PBXFileReference; lastKnownFileType = sourcecode.swift; path = ChaCha20.swift; sourceTree = "<group>"; };
		OBJ_63 /* Checksum.swift */ = {isa = PBXFileReference; lastKnownFileType = sourcecode.swift; path = Checksum.swift; sourceTree = "<group>"; };
		OBJ_64 /* Cipher.swift */ = {isa = PBXFileReference; lastKnownFileType = sourcecode.swift; path = Cipher.swift; sourceTree = "<group>"; };
		OBJ_65 /* Collection+Extension.swift */ = {isa = PBXFileReference; lastKnownFileType = sourcecode.swift; path = "Collection+Extension.swift"; sourceTree = "<group>"; };
		OBJ_66 /* CompactMap.swift */ = {isa = PBXFileReference; lastKnownFileType = sourcecode.swift; path = CompactMap.swift; sourceTree = "<group>"; };
		OBJ_67 /* Cryptor.swift */ = {isa = PBXFileReference; lastKnownFileType = sourcecode.swift; path = Cryptor.swift; sourceTree = "<group>"; };
		OBJ_68 /* Cryptors.swift */ = {isa = PBXFileReference; lastKnownFileType = sourcecode.swift; path = Cryptors.swift; sourceTree = "<group>"; };
		OBJ_69 /* Digest.swift */ = {isa = PBXFileReference; lastKnownFileType = sourcecode.swift; path = Digest.swift; sourceTree = "<group>"; };
		OBJ_70 /* DigestType.swift */ = {isa = PBXFileReference; lastKnownFileType = sourcecode.swift; path = DigestType.swift; sourceTree = "<group>"; };
		OBJ_72 /* AES+Foundation.swift */ = {isa = PBXFileReference; lastKnownFileType = sourcecode.swift; path = "AES+Foundation.swift"; sourceTree = "<group>"; };
		OBJ_73 /* Array+Foundation.swift */ = {isa = PBXFileReference; lastKnownFileType = sourcecode.swift; path = "Array+Foundation.swift"; sourceTree = "<group>"; };
		OBJ_74 /* Blowfish+Foundation.swift */ = {isa = PBXFileReference; lastKnownFileType = sourcecode.swift; path = "Blowfish+Foundation.swift"; sourceTree = "<group>"; };
		OBJ_75 /* ChaCha20+Foundation.swift */ = {isa = PBXFileReference; lastKnownFileType = sourcecode.swift; path = "ChaCha20+Foundation.swift"; sourceTree = "<group>"; };
		OBJ_76 /* Data+Extension.swift */ = {isa = PBXFileReference; lastKnownFileType = sourcecode.swift; path = "Data+Extension.swift"; sourceTree = "<group>"; };
		OBJ_77 /* HMAC+Foundation.swift */ = {isa = PBXFileReference; lastKnownFileType = sourcecode.swift; path = "HMAC+Foundation.swift"; sourceTree = "<group>"; };
		OBJ_78 /* Rabbit+Foundation.swift */ = {isa = PBXFileReference; lastKnownFileType = sourcecode.swift; path = "Rabbit+Foundation.swift"; sourceTree = "<group>"; };
		OBJ_79 /* String+FoundationExtension.swift */ = {isa = PBXFileReference; lastKnownFileType = sourcecode.swift; path = "String+FoundationExtension.swift"; sourceTree = "<group>"; };
		OBJ_80 /* Utils+Foundation.swift */ = {isa = PBXFileReference; lastKnownFileType = sourcecode.swift; path = "Utils+Foundation.swift"; sourceTree = "<group>"; };
		OBJ_81 /* Generics.swift */ = {isa = PBXFileReference; lastKnownFileType = sourcecode.swift; path = Generics.swift; sourceTree = "<group>"; };
		OBJ_82 /* HKDF.swift */ = {isa = PBXFileReference; lastKnownFileType = sourcecode.swift; path = HKDF.swift; sourceTree = "<group>"; };
		OBJ_83 /* HMAC.swift */ = {isa = PBXFileReference; lastKnownFileType = sourcecode.swift; path = HMAC.swift; sourceTree = "<group>"; };
		OBJ_84 /* Int+Extension.swift */ = {isa = PBXFileReference; lastKnownFileType = sourcecode.swift; path = "Int+Extension.swift"; sourceTree = "<group>"; };
		OBJ_85 /* MD5.swift */ = {isa = PBXFileReference; lastKnownFileType = sourcecode.swift; path = MD5.swift; sourceTree = "<group>"; };
		OBJ_86 /* NoPadding.swift */ = {isa = PBXFileReference; lastKnownFileType = sourcecode.swift; path = NoPadding.swift; sourceTree = "<group>"; };
		OBJ_87 /* Operators.swift */ = {isa = PBXFileReference; lastKnownFileType = sourcecode.swift; path = Operators.swift; sourceTree = "<group>"; };
		OBJ_89 /* PBKDF1.swift */ = {isa = PBXFileReference; lastKnownFileType = sourcecode.swift; path = PBKDF1.swift; sourceTree = "<group>"; };
		OBJ_9 /* AWSS3.swift */ = {isa = PBXFileReference; lastKnownFileType = sourcecode.swift; path = AWSS3.swift; sourceTree = "<group>"; };
		OBJ_90 /* PBKDF2.swift */ = {isa = PBXFileReference; lastKnownFileType = sourcecode.swift; path = PBKDF2.swift; sourceTree = "<group>"; };
		OBJ_91 /* PKCS5.swift */ = {isa = PBXFileReference; lastKnownFileType = sourcecode.swift; path = PKCS5.swift; sourceTree = "<group>"; };
		OBJ_92 /* PKCS7.swift */ = {isa = PBXFileReference; lastKnownFileType = sourcecode.swift; path = PKCS7.swift; sourceTree = "<group>"; };
		OBJ_93 /* PKCS7Padding.swift */ = {isa = PBXFileReference; lastKnownFileType = sourcecode.swift; path = PKCS7Padding.swift; sourceTree = "<group>"; };
		OBJ_94 /* Padding.swift */ = {isa = PBXFileReference; lastKnownFileType = sourcecode.swift; path = Padding.swift; sourceTree = "<group>"; };
		OBJ_95 /* Poly1305.swift */ = {isa = PBXFileReference; lastKnownFileType = sourcecode.swift; path = Poly1305.swift; sourceTree = "<group>"; };
		OBJ_96 /* Rabbit.swift */ = {isa = PBXFileReference; lastKnownFileType = sourcecode.swift; path = Rabbit.swift; sourceTree = "<group>"; };
		OBJ_97 /* RandomBytesSequence.swift */ = {isa = PBXFileReference; lastKnownFileType = sourcecode.swift; path = RandomBytesSequence.swift; sourceTree = "<group>"; };
		OBJ_98 /* SHA1.swift */ = {isa = PBXFileReference; lastKnownFileType = sourcecode.swift; path = SHA1.swift; sourceTree = "<group>"; };
		OBJ_99 /* SHA2.swift */ = {isa = PBXFileReference; lastKnownFileType = sourcecode.swift; path = SHA2.swift; sourceTree = "<group>"; };
		"XMLCoder::XMLCoder::Product" /* XMLCoder.framework */ = {isa = PBXFileReference; lastKnownFileType = wrapper.framework; path = XMLCoder.framework; sourceTree = BUILT_PRODUCTS_DIR; };
/* End PBXFileReference section */

/* Begin PBXFrameworksBuildPhase section */
		OBJ_284 /* Frameworks */ = {
			isa = PBXFrameworksBuildPhase;
			buildActionMask = 0;
			files = (
			);
			runOnlyForDeploymentPostprocessing = 0;
		};
		OBJ_323 /* Frameworks */ = {
			isa = PBXFrameworksBuildPhase;
			buildActionMask = 0;
			files = (
				OBJ_324 /* XMLCoder.framework in Frameworks */,
			);
			runOnlyForDeploymentPostprocessing = 0;
		};
		OBJ_344 /* Frameworks */ = {
			isa = PBXFrameworksBuildPhase;
			buildActionMask = 0;
			files = (
				OBJ_345 /* CryptoSwift.framework in Frameworks */,
				OBJ_346 /* Decree.framework in Frameworks */,
				OBJ_347 /* XMLCoder.framework in Frameworks */,
			);
			runOnlyForDeploymentPostprocessing = 0;
		};
		OBJ_380 /* Frameworks */ = {
			isa = PBXFrameworksBuildPhase;
			buildActionMask = 0;
			files = (
				OBJ_381 /* DecreeServices.framework in Frameworks */,
				OBJ_382 /* CryptoSwift.framework in Frameworks */,
				OBJ_383 /* Decree.framework in Frameworks */,
				OBJ_384 /* XMLCoder.framework in Frameworks */,
			);
			runOnlyForDeploymentPostprocessing = 0;
		};
		OBJ_432 /* Frameworks */ = {
			isa = PBXFrameworksBuildPhase;
			buildActionMask = 0;
			files = (
			);
			runOnlyForDeploymentPostprocessing = 0;
		};
/* End PBXFrameworksBuildPhase section */

/* Begin PBXGroup section */
		OBJ_115 /* Decree 3.0.0 */ = {
			isa = PBXGroup;
			children = (
				OBJ_116 /* Decree */,
				OBJ_146 /* Package.swift */,
			);
			name = "Decree 3.0.0";
			sourceTree = SOURCE_ROOT;
		};
		OBJ_116 /* Decree */ = {
			isa = PBXGroup;
			children = (
				OBJ_117 /* Basic Types */,
				OBJ_130 /* Endpoint+MakeRequest.swift */,
				OBJ_131 /* Endpoint.swift */,
				OBJ_132 /* Logger.swift */,
				OBJ_133 /* Private */,
				OBJ_145 /* WebService.swift */,
			);
			name = Decree;
			path = .build/checkouts/Decree/Sources/Decree;
			sourceTree = SOURCE_ROOT;
		};
		OBJ_117 /* Basic Types */ = {
			isa = PBXGroup;
			children = (
				OBJ_118 /* Authorization.swift */,
				OBJ_119 /* AuthorizationRequirement.swift */,
				OBJ_120 /* DecreeError.swift */,
				OBJ_121 /* EmptyResult.swift */,
				OBJ_122 /* ErrorHandling.swift */,
				OBJ_123 /* ErrorResponse.swift */,
				OBJ_124 /* File.swift */,
				OBJ_125 /* InputFormat.swift */,
				OBJ_126 /* Method.swift */,
				OBJ_127 /* NoBasicResponse.swift */,
				OBJ_128 /* OutputFormat.swift */,
				OBJ_129 /* Session.swift */,
			);
			path = "Basic Types";
			sourceTree = "<group>";
		};
		OBJ_13 /* Private */ = {
			isa = PBXGroup;
			children = (
				OBJ_14 /* AWSS3+Private.swift */,
				OBJ_15 /* TestableDate.swift */,
			);
			path = Private;
			sourceTree = "<group>";
		};
		OBJ_133 /* Private */ = {
			isa = PBXGroup;
			children = (
				OBJ_134 /* FormDataEncoder.swift */,
				OBJ_135 /* FormURLEncoder.swift */,
				OBJ_136 /* HTTPStatus.swift */,
				OBJ_137 /* KeyValueEncoder.swift */,
				OBJ_138 /* NSXMLParser_ErrorCode.swift */,
				OBJ_139 /* RequestInput.swift */,
				OBJ_140 /* String+Helpers.swift */,
				OBJ_141 /* String+TitleCase.swift */,
				OBJ_142 /* URLRequest+Logging.swift */,
				OBJ_143 /* URLResponse+Logging.swift */,
				OBJ_144 /* WebService+MakeRequest.swift */,
			);
			path = Private;
			sourceTree = "<group>";
		};
		OBJ_147 /* XMLCoder 1.0.0 */ = {
			isa = PBXGroup;
			children = (
				OBJ_148 /* XMLCoder */,
				OBJ_192 /* Package.swift */,
			);
			name = "XMLCoder 1.0.0";
			sourceTree = SOURCE_ROOT;
		};
		OBJ_148 /* XMLCoder */ = {
			isa = PBXGroup;
			children = (
				OBJ_149 /* Auxiliaries */,
				OBJ_173 /* Decoder */,
				OBJ_182 /* Encoder */,
			);
			name = XMLCoder;
			path = .build/checkouts/XMLCoder/Sources/XMLCoder;
			sourceTree = SOURCE_ROOT;
		};
		OBJ_149 /* Auxiliaries */ = {
			isa = PBXGroup;
			children = (
				OBJ_150 /* Box */,
				OBJ_165 /* ISO8601DateFormatter.swift */,
				OBJ_166 /* KeyedStorage.swift */,
				OBJ_167 /* Metatypes.swift */,
				OBJ_168 /* String+Extensions.swift */,
				OBJ_169 /* XMLCoderElement.swift */,
				OBJ_170 /* XMLHeader.swift */,
				OBJ_171 /* XMLKey.swift */,
				OBJ_172 /* XMLStackParser.swift */,
			);
			path = Auxiliaries;
			sourceTree = "<group>";
		};
		OBJ_150 /* Box */ = {
			isa = PBXGroup;
			children = (
				OBJ_151 /* BoolBox.swift */,
				OBJ_152 /* Box.swift */,
				OBJ_153 /* DataBox.swift */,
				OBJ_154 /* DateBox.swift */,
				OBJ_155 /* DecimalBox.swift */,
				OBJ_156 /* FloatBox.swift */,
				OBJ_157 /* IntBox.swift */,
				OBJ_158 /* KeyedBox.swift */,
				OBJ_159 /* NullBox.swift */,
				OBJ_160 /* SharedBox.swift */,
				OBJ_161 /* StringBox.swift */,
				OBJ_162 /* UIntBox.swift */,
				OBJ_163 /* URLBox.swift */,
				OBJ_164 /* UnkeyedBox.swift */,
			);
			path = Box;
			sourceTree = "<group>";
		};
		OBJ_16 /* Tests */ = {
			isa = PBXGroup;
			children = (
				OBJ_17 /* DecreeServicesTests */,
			);
			name = Tests;
			sourceTree = SOURCE_ROOT;
		};
		OBJ_17 /* DecreeServicesTests */ = {
			isa = PBXGroup;
			children = (
				OBJ_18 /* AWSS3Tests.swift */,
				OBJ_19 /* AppleAppStoreTests.swift */,
				OBJ_20 /* FreshDeskTests.swift */,
				OBJ_21 /* GoogleAnalyticsTests.swift */,
				OBJ_22 /* Helpers */,
				OBJ_31 /* XCTestManifests.swift */,
			);
			name = DecreeServicesTests;
			path = Tests/DecreeServicesTests;
			sourceTree = SOURCE_ROOT;
		};
		OBJ_173 /* Decoder */ = {
			isa = PBXGroup;
			children = (
				OBJ_174 /* DecodingErrorExtension.swift */,
				OBJ_175 /* DynamicNodeDecoding.swift */,
				OBJ_176 /* SingleValueDecodingContainer.swift */,
				OBJ_177 /* XMLDecoder.swift */,
				OBJ_178 /* XMLDecoderImplementation.swift */,
				OBJ_179 /* XMLDecodingStorage.swift */,
				OBJ_180 /* XMLKeyedDecodingContainer.swift */,
				OBJ_181 /* XMLUnkeyedDecodingContainer.swift */,
			);
			path = Decoder;
			sourceTree = "<group>";
		};
		OBJ_182 /* Encoder */ = {
			isa = PBXGroup;
			children = (
				OBJ_183 /* DynamicNodeEncoding.swift */,
				OBJ_184 /* EncodingErrorExtension.swift */,
				OBJ_185 /* SingleValueEncodingContainer.swift */,
				OBJ_186 /* XMLEncoder.swift */,
				OBJ_187 /* XMLEncoderImplementation.swift */,
				OBJ_188 /* XMLEncodingStorage.swift */,
				OBJ_189 /* XMLKeyedEncodingContainer.swift */,
				OBJ_190 /* XMLReferencingEncoder.swift */,
				OBJ_191 /* XMLUnkeyedEncodingContainer.swift */,
			);
			path = Encoder;
			sourceTree = "<group>";
		};
		OBJ_193 /* Products */ = {
			isa = PBXGroup;
			children = (
				"XMLCoder::XMLCoder::Product" /* XMLCoder.framework */,
				"CryptoSwift::CryptoSwift::Product" /* CryptoSwift.framework */,
				"DecreeServices::DecreeServicesTests::Product" /* DecreeServicesTests.xctest */,
				"DecreeServices::DecreeServices::Product" /* DecreeServices.framework */,
				"Decree::Decree::Product" /* Decree.framework */,
			);
			name = Products;
			sourceTree = BUILT_PRODUCTS_DIR;
		};
		OBJ_22 /* Helpers */ = {
			isa = PBXGroup;
			children = (
				OBJ_24 /* Data+Helpers.swift */,
				OBJ_25 /* Decodable+Helpers.swift */,
				OBJ_26 /* Result+Helpers.swift */,
				OBJ_30 /* TestURLSession.swift */,
			);
			path = Helpers;
			sourceTree = "<group>";
		};
		OBJ_32 /* Dependencies */ = {
			isa = PBXGroup;
			children = (
				OBJ_33 /* CryptoSwift 1.1.0 */,
				OBJ_115 /* Decree 3.0.0 */,
				OBJ_147 /* XMLCoder 1.0.0 */,
			);
			name = Dependencies;
			sourceTree = "<group>";
		};
		OBJ_33 /* CryptoSwift 1.1.0 */ = {
			isa = PBXGroup;
			children = (
				OBJ_34 /* CryptoSwift */,
				OBJ_114 /* Package.swift */,
			);
			name = "CryptoSwift 1.1.0";
			sourceTree = SOURCE_ROOT;
		};
		OBJ_34 /* CryptoSwift */ = {
			isa = PBXGroup;
			children = (
				OBJ_35 /* AEAD */,
				OBJ_38 /* AES.Cryptors.swift */,
				OBJ_39 /* AES.swift */,
				OBJ_40 /* Array+Extension.swift */,
				OBJ_41 /* Authenticator.swift */,
				OBJ_42 /* BatchedCollection.swift */,
				OBJ_43 /* Bit.swift */,
				OBJ_44 /* BlockCipher.swift */,
				OBJ_45 /* BlockDecryptor.swift */,
				OBJ_46 /* BlockEncryptor.swift */,
				OBJ_47 /* BlockMode */,
				OBJ_59 /* Blowfish.swift */,
				OBJ_60 /* CBCMAC.swift */,
				OBJ_61 /* CMAC.swift */,
				OBJ_62 /* ChaCha20.swift */,
				OBJ_63 /* Checksum.swift */,
				OBJ_64 /* Cipher.swift */,
				OBJ_65 /* Collection+Extension.swift */,
				OBJ_66 /* CompactMap.swift */,
				OBJ_67 /* Cryptor.swift */,
				OBJ_68 /* Cryptors.swift */,
				OBJ_69 /* Digest.swift */,
				OBJ_70 /* DigestType.swift */,
				OBJ_71 /* Foundation */,
				OBJ_81 /* Generics.swift */,
				OBJ_82 /* HKDF.swift */,
				OBJ_83 /* HMAC.swift */,
				OBJ_84 /* Int+Extension.swift */,
				OBJ_85 /* MD5.swift */,
				OBJ_86 /* NoPadding.swift */,
				OBJ_87 /* Operators.swift */,
				OBJ_88 /* PKCS */,
				OBJ_94 /* Padding.swift */,
				OBJ_95 /* Poly1305.swift */,
				OBJ_96 /* Rabbit.swift */,
				OBJ_97 /* RandomBytesSequence.swift */,
				OBJ_98 /* SHA1.swift */,
				OBJ_99 /* SHA2.swift */,
				OBJ_100 /* SHA3.swift */,
				OBJ_101 /* Scrypt.swift */,
				OBJ_102 /* SecureBytes.swift */,
				OBJ_103 /* StreamDecryptor.swift */,
				OBJ_104 /* StreamEncryptor.swift */,
				OBJ_105 /* String+Extension.swift */,
				OBJ_106 /* UInt128.swift */,
				OBJ_107 /* UInt16+Extension.swift */,
				OBJ_108 /* UInt32+Extension.swift */,
				OBJ_109 /* UInt64+Extension.swift */,
				OBJ_110 /* UInt8+Extension.swift */,
				OBJ_111 /* Updatable.swift */,
				OBJ_112 /* Utils.swift */,
				OBJ_113 /* ZeroPadding.swift */,
			);
			name = CryptoSwift;
			path = .build/checkouts/CryptoSwift/Sources/CryptoSwift;
			sourceTree = SOURCE_ROOT;
		};
		OBJ_35 /* AEAD */ = {
			isa = PBXGroup;
			children = (
				OBJ_36 /* AEAD.swift */,
				OBJ_37 /* AEADChaCha20Poly1305.swift */,
			);
			path = AEAD;
			sourceTree = "<group>";
		};
		OBJ_47 /* BlockMode */ = {
			isa = PBXGroup;
			children = (
				OBJ_48 /* BlockMode.swift */,
				OBJ_49 /* BlockModeOptions.swift */,
				OBJ_50 /* CBC.swift */,
				OBJ_51 /* CCM.swift */,
				OBJ_52 /* CFB.swift */,
				OBJ_53 /* CTR.swift */,
				OBJ_54 /* CipherModeWorker.swift */,
				OBJ_55 /* ECB.swift */,
				OBJ_56 /* GCM.swift */,
				OBJ_57 /* OFB.swift */,
				OBJ_58 /* PCBC.swift */,
			);
			path = BlockMode;
			sourceTree = "<group>";
		};
		OBJ_5 /*  */ = {
			isa = PBXGroup;
			children = (
				OBJ_6 /* Package.swift */,
				OBJ_7 /* Sources */,
				OBJ_16 /* Tests */,
				OBJ_32 /* Dependencies */,
				OBJ_193 /* Products */,
				OBJ_199 /* Assets */,
				OBJ_200 /* LICENSE */,
				OBJ_201 /* DecreeServices.podspec */,
				OBJ_202 /* azure-pipelines.yml */,
				OBJ_203 /* README.md */,
			);
			name = "";
			sourceTree = "<group>";
		};
		OBJ_7 /* Sources */ = {
			isa = PBXGroup;
			children = (
				OBJ_8 /* DecreeServices */,
			);
			name = Sources;
			sourceTree = SOURCE_ROOT;
		};
		OBJ_71 /* Foundation */ = {
			isa = PBXGroup;
			children = (
				OBJ_72 /* AES+Foundation.swift */,
				OBJ_73 /* Array+Foundation.swift */,
				OBJ_74 /* Blowfish+Foundation.swift */,
				OBJ_75 /* ChaCha20+Foundation.swift */,
				OBJ_76 /* Data+Extension.swift */,
				OBJ_77 /* HMAC+Foundation.swift */,
				OBJ_78 /* Rabbit+Foundation.swift */,
				OBJ_79 /* String+FoundationExtension.swift */,
				OBJ_80 /* Utils+Foundation.swift */,
			);
			path = Foundation;
			sourceTree = "<group>";
		};
		OBJ_8 /* DecreeServices */ = {
			isa = PBXGroup;
			children = (
				OBJ_9 /* AWSS3.swift */,
				OBJ_10 /* AppleAppStore.swift */,
				OBJ_11 /* FreshDesk.swift */,
				OBJ_12 /* GoogleAnalytics.swift */,
				OBJ_13 /* Private */,
			);
			name = DecreeServices;
			path = Sources/DecreeServices;
			sourceTree = SOURCE_ROOT;
		};
		OBJ_88 /* PKCS */ = {
			isa = PBXGroup;
			children = (
				OBJ_89 /* PBKDF1.swift */,
				OBJ_90 /* PBKDF2.swift */,
				OBJ_91 /* PKCS5.swift */,
				OBJ_92 /* PKCS7.swift */,
				OBJ_93 /* PKCS7Padding.swift */,
			);
			path = PKCS;
			sourceTree = "<group>";
		};
/* End PBXGroup section */

/* Begin PBXNativeTarget section */
		"CryptoSwift::CryptoSwift" /* CryptoSwift */ = {
			isa = PBXNativeTarget;
			buildConfigurationList = OBJ_205 /* Build configuration list for PBXNativeTarget "CryptoSwift" */;
			buildPhases = (
				OBJ_208 /* Sources */,
				OBJ_284 /* Frameworks */,
			);
			buildRules = (
			);
			dependencies = (
			);
			name = CryptoSwift;
			productName = CryptoSwift;
			productReference = "CryptoSwift::CryptoSwift::Product" /* CryptoSwift.framework */;
			productType = "com.apple.product-type.framework";
		};
		"CryptoSwift::SwiftPMPackageDescription" /* CryptoSwiftPackageDescription */ = {
			isa = PBXNativeTarget;
			buildConfigurationList = OBJ_286 /* Build configuration list for PBXNativeTarget "CryptoSwiftPackageDescription" */;
			buildPhases = (
				OBJ_289 /* Sources */,
			);
			buildRules = (
			);
			dependencies = (
			);
			name = CryptoSwiftPackageDescription;
			productName = CryptoSwiftPackageDescription;
			productType = "com.apple.product-type.framework";
		};
		"Decree::Decree" /* Decree */ = {
			isa = PBXNativeTarget;
			buildConfigurationList = OBJ_292 /* Build configuration list for PBXNativeTarget "Decree" */;
			buildPhases = (
				OBJ_295 /* Sources */,
				OBJ_323 /* Frameworks */,
			);
			buildRules = (
			);
			dependencies = (
				OBJ_325 /* PBXTargetDependency */,
			);
			name = Decree;
			productName = Decree;
			productReference = "Decree::Decree::Product" /* Decree.framework */;
			productType = "com.apple.product-type.framework";
		};
		"Decree::SwiftPMPackageDescription" /* DecreePackageDescription */ = {
			isa = PBXNativeTarget;
			buildConfigurationList = OBJ_328 /* Build configuration list for PBXNativeTarget "DecreePackageDescription" */;
			buildPhases = (
				OBJ_331 /* Sources */,
			);
			buildRules = (
			);
			dependencies = (
			);
			name = DecreePackageDescription;
			productName = DecreePackageDescription;
			productType = "com.apple.product-type.framework";
		};
		"DecreeServices::DecreeServices" /* DecreeServices */ = {
			isa = PBXNativeTarget;
			buildConfigurationList = OBJ_334 /* Build configuration list for PBXNativeTarget "DecreeServices" */;
			buildPhases = (
				OBJ_337 /* Sources */,
				OBJ_344 /* Frameworks */,
			);
			buildRules = (
			);
			dependencies = (
				OBJ_348 /* PBXTargetDependency */,
				OBJ_349 /* PBXTargetDependency */,
				OBJ_350 /* PBXTargetDependency */,
			);
			name = DecreeServices;
			productName = DecreeServices;
			productReference = "DecreeServices::DecreeServices::Product" /* DecreeServices.framework */;
			productType = "com.apple.product-type.framework";
		};
		"DecreeServices::DecreeServicesTests" /* DecreeServicesTests */ = {
			isa = PBXNativeTarget;
			buildConfigurationList = OBJ_363 /* Build configuration list for PBXNativeTarget "DecreeServicesTests" */;
			buildPhases = (
				OBJ_366 /* Sources */,
				OBJ_380 /* Frameworks */,
			);
			buildRules = (
			);
			dependencies = (
				OBJ_385 /* PBXTargetDependency */,
				OBJ_386 /* PBXTargetDependency */,
				OBJ_387 /* PBXTargetDependency */,
				OBJ_388 /* PBXTargetDependency */,
			);
			name = DecreeServicesTests;
			productName = DecreeServicesTests;
			productReference = "DecreeServices::DecreeServicesTests::Product" /* DecreeServicesTests.xctest */;
			productType = "com.apple.product-type.bundle.unit-test";
		};
		"DecreeServices::SwiftPMPackageDescription" /* DecreeServicesPackageDescription */ = {
			isa = PBXNativeTarget;
			buildConfigurationList = OBJ_352 /* Build configuration list for PBXNativeTarget "DecreeServicesPackageDescription" */;
			buildPhases = (
				OBJ_355 /* Sources */,
			);
			buildRules = (
			);
			dependencies = (
			);
			name = DecreeServicesPackageDescription;
			productName = DecreeServicesPackageDescription;
			productType = "com.apple.product-type.framework";
		};
		"XMLCoder::SwiftPMPackageDescription" /* XMLCoderPackageDescription */ = {
			isa = PBXNativeTarget;
			buildConfigurationList = OBJ_434 /* Build configuration list for PBXNativeTarget "XMLCoderPackageDescription" */;
			buildPhases = (
				OBJ_437 /* Sources */,
			);
			buildRules = (
			);
			dependencies = (
			);
			name = XMLCoderPackageDescription;
			productName = XMLCoderPackageDescription;
			productType = "com.apple.product-type.framework";
		};
		"XMLCoder::XMLCoder" /* XMLCoder */ = {
			isa = PBXNativeTarget;
			buildConfigurationList = OBJ_389 /* Build configuration list for PBXNativeTarget "XMLCoder" */;
			buildPhases = (
				OBJ_392 /* Sources */,
				OBJ_432 /* Frameworks */,
			);
			buildRules = (
			);
			dependencies = (
			);
			name = XMLCoder;
			productName = XMLCoder;
			productReference = "XMLCoder::XMLCoder::Product" /* XMLCoder.framework */;
			productType = "com.apple.product-type.framework";
		};
/* End PBXNativeTarget section */

/* Begin PBXProject section */
		OBJ_1 /* Project object */ = {
			isa = PBXProject;
			attributes = {
				LastSwiftMigration = 9999;
				LastUpgradeCheck = 9999;
			};
			buildConfigurationList = OBJ_2 /* Build configuration list for PBXProject "DecreeServices" */;
			compatibilityVersion = "Xcode 3.2";
			developmentRegion = English;
			hasScannedForEncodings = 0;
			knownRegions = (
				English,
				en,
			);
			mainGroup = OBJ_5 /*  */;
			productRefGroup = OBJ_193 /* Products */;
			projectDirPath = "";
			projectRoot = "";
			targets = (
				"CryptoSwift::CryptoSwift" /* CryptoSwift */,
				"CryptoSwift::SwiftPMPackageDescription" /* CryptoSwiftPackageDescription */,
				"Decree::Decree" /* Decree */,
				"Decree::SwiftPMPackageDescription" /* DecreePackageDescription */,
				"DecreeServices::DecreeServices" /* DecreeServices */,
				"DecreeServices::SwiftPMPackageDescription" /* DecreeServicesPackageDescription */,
				"DecreeServices::DecreeServicesPackageTests::ProductTarget" /* DecreeServicesPackageTests */,
				"DecreeServices::DecreeServicesTests" /* DecreeServicesTests */,
				"XMLCoder::XMLCoder" /* XMLCoder */,
				"XMLCoder::SwiftPMPackageDescription" /* XMLCoderPackageDescription */,
			);
		};
/* End PBXProject section */

/* Begin PBXSourcesBuildPhase section */
		OBJ_208 /* Sources */ = {
			isa = PBXSourcesBuildPhase;
			buildActionMask = 0;
			files = (
				OBJ_209 /* AEAD.swift in Sources */,
				OBJ_210 /* AEADChaCha20Poly1305.swift in Sources */,
				OBJ_211 /* AES.Cryptors.swift in Sources */,
				OBJ_212 /* AES.swift in Sources */,
				OBJ_213 /* Array+Extension.swift in Sources */,
				OBJ_214 /* Authenticator.swift in Sources */,
				OBJ_215 /* BatchedCollection.swift in Sources */,
				OBJ_216 /* Bit.swift in Sources */,
				OBJ_217 /* BlockCipher.swift in Sources */,
				OBJ_218 /* BlockDecryptor.swift in Sources */,
				OBJ_219 /* BlockEncryptor.swift in Sources */,
				OBJ_220 /* BlockMode.swift in Sources */,
				OBJ_221 /* BlockModeOptions.swift in Sources */,
				OBJ_222 /* CBC.swift in Sources */,
				OBJ_223 /* CCM.swift in Sources */,
				OBJ_224 /* CFB.swift in Sources */,
				OBJ_225 /* CTR.swift in Sources */,
				OBJ_226 /* CipherModeWorker.swift in Sources */,
				OBJ_227 /* ECB.swift in Sources */,
				OBJ_228 /* GCM.swift in Sources */,
				OBJ_229 /* OFB.swift in Sources */,
				OBJ_230 /* PCBC.swift in Sources */,
				OBJ_231 /* Blowfish.swift in Sources */,
				OBJ_232 /* CBCMAC.swift in Sources */,
				OBJ_233 /* CMAC.swift in Sources */,
				OBJ_234 /* ChaCha20.swift in Sources */,
				OBJ_235 /* Checksum.swift in Sources */,
				OBJ_236 /* Cipher.swift in Sources */,
				OBJ_237 /* Collection+Extension.swift in Sources */,
				OBJ_238 /* CompactMap.swift in Sources */,
				OBJ_239 /* Cryptor.swift in Sources */,
				OBJ_240 /* Cryptors.swift in Sources */,
				OBJ_241 /* Digest.swift in Sources */,
				OBJ_242 /* DigestType.swift in Sources */,
				OBJ_243 /* AES+Foundation.swift in Sources */,
				OBJ_244 /* Array+Foundation.swift in Sources */,
				OBJ_245 /* Blowfish+Foundation.swift in Sources */,
				OBJ_246 /* ChaCha20+Foundation.swift in Sources */,
				OBJ_247 /* Data+Extension.swift in Sources */,
				OBJ_248 /* HMAC+Foundation.swift in Sources */,
				OBJ_249 /* Rabbit+Foundation.swift in Sources */,
				OBJ_250 /* String+FoundationExtension.swift in Sources */,
				OBJ_251 /* Utils+Foundation.swift in Sources */,
				OBJ_252 /* Generics.swift in Sources */,
				OBJ_253 /* HKDF.swift in Sources */,
				OBJ_254 /* HMAC.swift in Sources */,
				OBJ_255 /* Int+Extension.swift in Sources */,
				OBJ_256 /* MD5.swift in Sources */,
				OBJ_257 /* NoPadding.swift in Sources */,
				OBJ_258 /* Operators.swift in Sources */,
				OBJ_259 /* PBKDF1.swift in Sources */,
				OBJ_260 /* PBKDF2.swift in Sources */,
				OBJ_261 /* PKCS5.swift in Sources */,
				OBJ_262 /* PKCS7.swift in Sources */,
				OBJ_263 /* PKCS7Padding.swift in Sources */,
				OBJ_264 /* Padding.swift in Sources */,
				OBJ_265 /* Poly1305.swift in Sources */,
				OBJ_266 /* Rabbit.swift in Sources */,
				OBJ_267 /* RandomBytesSequence.swift in Sources */,
				OBJ_268 /* SHA1.swift in Sources */,
				OBJ_269 /* SHA2.swift in Sources */,
				OBJ_270 /* SHA3.swift in Sources */,
				OBJ_271 /* Scrypt.swift in Sources */,
				OBJ_272 /* SecureBytes.swift in Sources */,
				OBJ_273 /* StreamDecryptor.swift in Sources */,
				OBJ_274 /* StreamEncryptor.swift in Sources */,
				OBJ_275 /* String+Extension.swift in Sources */,
				OBJ_276 /* UInt128.swift in Sources */,
				OBJ_277 /* UInt16+Extension.swift in Sources */,
				OBJ_278 /* UInt32+Extension.swift in Sources */,
				OBJ_279 /* UInt64+Extension.swift in Sources */,
				OBJ_280 /* UInt8+Extension.swift in Sources */,
				OBJ_281 /* Updatable.swift in Sources */,
				OBJ_282 /* Utils.swift in Sources */,
				OBJ_283 /* ZeroPadding.swift in Sources */,
			);
			runOnlyForDeploymentPostprocessing = 0;
		};
		OBJ_289 /* Sources */ = {
			isa = PBXSourcesBuildPhase;
			buildActionMask = 0;
			files = (
				OBJ_290 /* Package.swift in Sources */,
			);
			runOnlyForDeploymentPostprocessing = 0;
		};
		OBJ_295 /* Sources */ = {
			isa = PBXSourcesBuildPhase;
			buildActionMask = 0;
			files = (
				OBJ_296 /* Authorization.swift in Sources */,
				OBJ_297 /* AuthorizationRequirement.swift in Sources */,
				OBJ_298 /* DecreeError.swift in Sources */,
				OBJ_299 /* EmptyResult.swift in Sources */,
				OBJ_300 /* ErrorHandling.swift in Sources */,
				OBJ_301 /* ErrorResponse.swift in Sources */,
				OBJ_302 /* File.swift in Sources */,
				OBJ_303 /* InputFormat.swift in Sources */,
				OBJ_304 /* Method.swift in Sources */,
				OBJ_305 /* NoBasicResponse.swift in Sources */,
				OBJ_306 /* OutputFormat.swift in Sources */,
				OBJ_307 /* Session.swift in Sources */,
				OBJ_308 /* Endpoint+MakeRequest.swift in Sources */,
				OBJ_309 /* Endpoint.swift in Sources */,
				OBJ_310 /* Logger.swift in Sources */,
				OBJ_311 /* FormDataEncoder.swift in Sources */,
				OBJ_312 /* FormURLEncoder.swift in Sources */,
				OBJ_313 /* HTTPStatus.swift in Sources */,
				OBJ_314 /* KeyValueEncoder.swift in Sources */,
				OBJ_315 /* NSXMLParser_ErrorCode.swift in Sources */,
				OBJ_316 /* RequestInput.swift in Sources */,
				OBJ_317 /* String+Helpers.swift in Sources */,
				OBJ_318 /* String+TitleCase.swift in Sources */,
				OBJ_319 /* URLRequest+Logging.swift in Sources */,
				OBJ_320 /* URLResponse+Logging.swift in Sources */,
				OBJ_321 /* WebService+MakeRequest.swift in Sources */,
				OBJ_322 /* WebService.swift in Sources */,
			);
			runOnlyForDeploymentPostprocessing = 0;
		};
		OBJ_331 /* Sources */ = {
			isa = PBXSourcesBuildPhase;
			buildActionMask = 0;
			files = (
				OBJ_332 /* Package.swift in Sources */,
			);
			runOnlyForDeploymentPostprocessing = 0;
		};
		OBJ_337 /* Sources */ = {
			isa = PBXSourcesBuildPhase;
			buildActionMask = 0;
			files = (
				OBJ_338 /* AWSS3.swift in Sources */,
				OBJ_339 /* AppleAppStore.swift in Sources */,
				OBJ_340 /* FreshDesk.swift in Sources */,
				OBJ_341 /* GoogleAnalytics.swift in Sources */,
				OBJ_342 /* AWSS3+Private.swift in Sources */,
				OBJ_343 /* TestableDate.swift in Sources */,
			);
			runOnlyForDeploymentPostprocessing = 0;
		};
		OBJ_355 /* Sources */ = {
			isa = PBXSourcesBuildPhase;
			buildActionMask = 0;
			files = (
				OBJ_356 /* Package.swift in Sources */,
			);
			runOnlyForDeploymentPostprocessing = 0;
		};
		OBJ_366 /* Sources */ = {
			isa = PBXSourcesBuildPhase;
			buildActionMask = 0;
			files = (
				OBJ_367 /* AWSS3Tests.swift in Sources */,
				OBJ_368 /* AppleAppStoreTests.swift in Sources */,
				OBJ_369 /* FreshDeskTests.swift in Sources */,
				OBJ_370 /* GoogleAnalyticsTests.swift in Sources */,
				OBJ_372 /* Data+Helpers.swift in Sources */,
				OBJ_373 /* Decodable+Helpers.swift in Sources */,
				OBJ_374 /* Result+Helpers.swift in Sources */,
				OBJ_378 /* TestURLSession.swift in Sources */,
				OBJ_379 /* XCTestManifests.swift in Sources */,
			);
			runOnlyForDeploymentPostprocessing = 0;
		};
		OBJ_392 /* Sources */ = {
			isa = PBXSourcesBuildPhase;
			buildActionMask = 0;
			files = (
				OBJ_393 /* BoolBox.swift in Sources */,
				OBJ_394 /* Box.swift in Sources */,
				OBJ_395 /* DataBox.swift in Sources */,
				OBJ_396 /* DateBox.swift in Sources */,
				OBJ_397 /* DecimalBox.swift in Sources */,
				OBJ_398 /* FloatBox.swift in Sources */,
				OBJ_399 /* IntBox.swift in Sources */,
				OBJ_400 /* KeyedBox.swift in Sources */,
				OBJ_401 /* NullBox.swift in Sources */,
				OBJ_402 /* SharedBox.swift in Sources */,
				OBJ_403 /* StringBox.swift in Sources */,
				OBJ_404 /* UIntBox.swift in Sources */,
				OBJ_405 /* URLBox.swift in Sources */,
				OBJ_406 /* UnkeyedBox.swift in Sources */,
				OBJ_407 /* ISO8601DateFormatter.swift in Sources */,
				OBJ_408 /* KeyedStorage.swift in Sources */,
				OBJ_409 /* Metatypes.swift in Sources */,
				OBJ_410 /* String+Extensions.swift in Sources */,
				OBJ_411 /* XMLCoderElement.swift in Sources */,
				OBJ_412 /* XMLHeader.swift in Sources */,
				OBJ_413 /* XMLKey.swift in Sources */,
				OBJ_414 /* XMLStackParser.swift in Sources */,
				OBJ_415 /* DecodingErrorExtension.swift in Sources */,
				OBJ_416 /* DynamicNodeDecoding.swift in Sources */,
				OBJ_417 /* SingleValueDecodingContainer.swift in Sources */,
				OBJ_418 /* XMLDecoder.swift in Sources */,
				OBJ_419 /* XMLDecoderImplementation.swift in Sources */,
				OBJ_420 /* XMLDecodingStorage.swift in Sources */,
				OBJ_421 /* XMLKeyedDecodingContainer.swift in Sources */,
				OBJ_422 /* XMLUnkeyedDecodingContainer.swift in Sources */,
				OBJ_423 /* DynamicNodeEncoding.swift in Sources */,
				OBJ_424 /* EncodingErrorExtension.swift in Sources */,
				OBJ_425 /* SingleValueEncodingContainer.swift in Sources */,
				OBJ_426 /* XMLEncoder.swift in Sources */,
				OBJ_427 /* XMLEncoderImplementation.swift in Sources */,
				OBJ_428 /* XMLEncodingStorage.swift in Sources */,
				OBJ_429 /* XMLKeyedEncodingContainer.swift in Sources */,
				OBJ_430 /* XMLReferencingEncoder.swift in Sources */,
				OBJ_431 /* XMLUnkeyedEncodingContainer.swift in Sources */,
			);
			runOnlyForDeploymentPostprocessing = 0;
		};
		OBJ_437 /* Sources */ = {
			isa = PBXSourcesBuildPhase;
			buildActionMask = 0;
			files = (
				OBJ_438 /* Package.swift in Sources */,
			);
			runOnlyForDeploymentPostprocessing = 0;
		};
/* End PBXSourcesBuildPhase section */

/* Begin PBXTargetDependency section */
		OBJ_325 /* PBXTargetDependency */ = {
			isa = PBXTargetDependency;
			target = "XMLCoder::XMLCoder" /* XMLCoder */;
			targetProxy = 49A958EC22EA716400546845 /* PBXContainerItemProxy */;
		};
		OBJ_348 /* PBXTargetDependency */ = {
			isa = PBXTargetDependency;
			target = "CryptoSwift::CryptoSwift" /* CryptoSwift */;
			targetProxy = 49A958EA22EA716400546845 /* PBXContainerItemProxy */;
		};
		OBJ_349 /* PBXTargetDependency */ = {
			isa = PBXTargetDependency;
			target = "Decree::Decree" /* Decree */;
			targetProxy = 49A958EB22EA716400546845 /* PBXContainerItemProxy */;
		};
		OBJ_350 /* PBXTargetDependency */ = {
			isa = PBXTargetDependency;
			target = "XMLCoder::XMLCoder" /* XMLCoder */;
			targetProxy = 49A958ED22EA716400546845 /* PBXContainerItemProxy */;
		};
		OBJ_361 /* PBXTargetDependency */ = {
			isa = PBXTargetDependency;
			target = "DecreeServices::DecreeServicesTests" /* DecreeServicesTests */;
			targetProxy = 49A958F222EA716500546845 /* PBXContainerItemProxy */;
		};
		OBJ_385 /* PBXTargetDependency */ = {
			isa = PBXTargetDependency;
			target = "DecreeServices::DecreeServices" /* DecreeServices */;
			targetProxy = 49A958EE22EA716400546845 /* PBXContainerItemProxy */;
		};
		OBJ_386 /* PBXTargetDependency */ = {
			isa = PBXTargetDependency;
			target = "CryptoSwift::CryptoSwift" /* CryptoSwift */;
			targetProxy = 49A958EF22EA716400546845 /* PBXContainerItemProxy */;
		};
		OBJ_387 /* PBXTargetDependency */ = {
			isa = PBXTargetDependency;
			target = "Decree::Decree" /* Decree */;
			targetProxy = 49A958F022EA716400546845 /* PBXContainerItemProxy */;
		};
		OBJ_388 /* PBXTargetDependency */ = {
			isa = PBXTargetDependency;
			target = "XMLCoder::XMLCoder" /* XMLCoder */;
			targetProxy = 49A958F122EA716400546845 /* PBXContainerItemProxy */;
		};
/* End PBXTargetDependency section */

/* Begin XCBuildConfiguration section */
		OBJ_206 /* Debug */ = {
			isa = XCBuildConfiguration;
			buildSettings = {
				ENABLE_TESTABILITY = YES;
				FRAMEWORK_SEARCH_PATHS = (
					"$(inherited)",
					"$(PLATFORM_DIR)/Developer/Library/Frameworks",
				);
				HEADER_SEARCH_PATHS = "$(inherited)";
				INFOPLIST_FILE = DecreeServices.xcodeproj/CryptoSwift_Info.plist;
				IPHONEOS_DEPLOYMENT_TARGET = 8.0;
				LD_RUNPATH_SEARCH_PATHS = "$(inherited) $(TOOLCHAIN_DIR)/usr/lib/swift/macosx";
				MACOSX_DEPLOYMENT_TARGET = 10.10;
				OTHER_CFLAGS = "$(inherited)";
				OTHER_LDFLAGS = "$(inherited)";
				OTHER_SWIFT_FLAGS = "$(inherited)";
				PRODUCT_BUNDLE_IDENTIFIER = CryptoSwift;
				PRODUCT_MODULE_NAME = "$(TARGET_NAME:c99extidentifier)";
				PRODUCT_NAME = "$(TARGET_NAME:c99extidentifier)";
				SKIP_INSTALL = YES;
				SWIFT_ACTIVE_COMPILATION_CONDITIONS = "$(inherited)";
				SWIFT_VERSION = 5.0;
				TARGET_NAME = CryptoSwift;
				TVOS_DEPLOYMENT_TARGET = 9.0;
				WATCHOS_DEPLOYMENT_TARGET = 2.0;
			};
			name = Debug;
		};
		OBJ_207 /* Release */ = {
			isa = XCBuildConfiguration;
			buildSettings = {
				ENABLE_TESTABILITY = YES;
				FRAMEWORK_SEARCH_PATHS = (
					"$(inherited)",
					"$(PLATFORM_DIR)/Developer/Library/Frameworks",
				);
				HEADER_SEARCH_PATHS = "$(inherited)";
				INFOPLIST_FILE = DecreeServices.xcodeproj/CryptoSwift_Info.plist;
				IPHONEOS_DEPLOYMENT_TARGET = 8.0;
				LD_RUNPATH_SEARCH_PATHS = "$(inherited) $(TOOLCHAIN_DIR)/usr/lib/swift/macosx";
				MACOSX_DEPLOYMENT_TARGET = 10.10;
				OTHER_CFLAGS = "$(inherited)";
				OTHER_LDFLAGS = "$(inherited)";
				OTHER_SWIFT_FLAGS = "$(inherited)";
				PRODUCT_BUNDLE_IDENTIFIER = CryptoSwift;
				PRODUCT_MODULE_NAME = "$(TARGET_NAME:c99extidentifier)";
				PRODUCT_NAME = "$(TARGET_NAME:c99extidentifier)";
				SKIP_INSTALL = YES;
				SWIFT_ACTIVE_COMPILATION_CONDITIONS = "$(inherited)";
				SWIFT_VERSION = 5.0;
				TARGET_NAME = CryptoSwift;
				TVOS_DEPLOYMENT_TARGET = 9.0;
				WATCHOS_DEPLOYMENT_TARGET = 2.0;
			};
			name = Release;
		};
		OBJ_287 /* Debug */ = {
			isa = XCBuildConfiguration;
			buildSettings = {
				LD = /usr/bin/true;
				OTHER_SWIFT_FLAGS = "-swift-version 5 -I $(TOOLCHAIN_DIR)/usr/lib/swift/pm/4_2 -target x86_64-apple-macosx10.10 -sdk /Applications/Xcode.app/Contents/Developer/Platforms/MacOSX.platform/Developer/SDKs/MacOSX10.14.sdk";
				SWIFT_VERSION = 5.0;
			};
			name = Debug;
		};
		OBJ_288 /* Release */ = {
			isa = XCBuildConfiguration;
			buildSettings = {
				LD = /usr/bin/true;
				OTHER_SWIFT_FLAGS = "-swift-version 5 -I $(TOOLCHAIN_DIR)/usr/lib/swift/pm/4_2 -target x86_64-apple-macosx10.10 -sdk /Applications/Xcode.app/Contents/Developer/Platforms/MacOSX.platform/Developer/SDKs/MacOSX10.14.sdk";
				SWIFT_VERSION = 5.0;
			};
			name = Release;
		};
		OBJ_293 /* Debug */ = {
			isa = XCBuildConfiguration;
			buildSettings = {
				ENABLE_TESTABILITY = YES;
				FRAMEWORK_SEARCH_PATHS = (
					"$(inherited)",
					"$(PLATFORM_DIR)/Developer/Library/Frameworks",
				);
				HEADER_SEARCH_PATHS = "$(inherited)";
				INFOPLIST_FILE = DecreeServices.xcodeproj/Decree_Info.plist;
				IPHONEOS_DEPLOYMENT_TARGET = 8.0;
				LD_RUNPATH_SEARCH_PATHS = "$(inherited) $(TOOLCHAIN_DIR)/usr/lib/swift/macosx";
				MACOSX_DEPLOYMENT_TARGET = 10.10;
				OTHER_CFLAGS = "$(inherited)";
				OTHER_LDFLAGS = "$(inherited)";
				OTHER_SWIFT_FLAGS = "$(inherited)";
				PRODUCT_BUNDLE_IDENTIFIER = Decree;
				PRODUCT_MODULE_NAME = "$(TARGET_NAME:c99extidentifier)";
				PRODUCT_NAME = "$(TARGET_NAME:c99extidentifier)";
				SKIP_INSTALL = YES;
				SWIFT_ACTIVE_COMPILATION_CONDITIONS = "$(inherited)";
				SWIFT_VERSION = 5.0;
				TARGET_NAME = Decree;
				TVOS_DEPLOYMENT_TARGET = 9.0;
				WATCHOS_DEPLOYMENT_TARGET = 2.0;
			};
			name = Debug;
		};
		OBJ_294 /* Release */ = {
			isa = XCBuildConfiguration;
			buildSettings = {
				ENABLE_TESTABILITY = YES;
				FRAMEWORK_SEARCH_PATHS = (
					"$(inherited)",
					"$(PLATFORM_DIR)/Developer/Library/Frameworks",
				);
				HEADER_SEARCH_PATHS = "$(inherited)";
				INFOPLIST_FILE = DecreeServices.xcodeproj/Decree_Info.plist;
				IPHONEOS_DEPLOYMENT_TARGET = 8.0;
				LD_RUNPATH_SEARCH_PATHS = "$(inherited) $(TOOLCHAIN_DIR)/usr/lib/swift/macosx";
				MACOSX_DEPLOYMENT_TARGET = 10.10;
				OTHER_CFLAGS = "$(inherited)";
				OTHER_LDFLAGS = "$(inherited)";
				OTHER_SWIFT_FLAGS = "$(inherited)";
				PRODUCT_BUNDLE_IDENTIFIER = Decree;
				PRODUCT_MODULE_NAME = "$(TARGET_NAME:c99extidentifier)";
				PRODUCT_NAME = "$(TARGET_NAME:c99extidentifier)";
				SKIP_INSTALL = YES;
				SWIFT_ACTIVE_COMPILATION_CONDITIONS = "$(inherited)";
				SWIFT_VERSION = 5.0;
				TARGET_NAME = Decree;
				TVOS_DEPLOYMENT_TARGET = 9.0;
				WATCHOS_DEPLOYMENT_TARGET = 2.0;
			};
			name = Release;
		};
		OBJ_3 /* Debug */ = {
			isa = XCBuildConfiguration;
			buildSettings = {
				CLANG_ENABLE_OBJC_ARC = YES;
				COMBINE_HIDPI_IMAGES = YES;
				COPY_PHASE_STRIP = NO;
				DEBUG_INFORMATION_FORMAT = dwarf;
				DYLIB_INSTALL_NAME_BASE = "@rpath";
				ENABLE_NS_ASSERTIONS = YES;
				GCC_OPTIMIZATION_LEVEL = 0;
				GCC_PREPROCESSOR_DEFINITIONS = (
					"$(inherited)",
					"SWIFT_PACKAGE=1",
					"DEBUG=1",
				);
				MACOSX_DEPLOYMENT_TARGET = 10.10;
				ONLY_ACTIVE_ARCH = YES;
				OTHER_SWIFT_FLAGS = "-DXcode";
				PRODUCT_NAME = "$(TARGET_NAME)";
				SDKROOT = macosx;
				SUPPORTED_PLATFORMS = "macosx iphoneos iphonesimulator appletvos appletvsimulator watchos watchsimulator";
				SWIFT_ACTIVE_COMPILATION_CONDITIONS = "$(inherited) SWIFT_PACKAGE DEBUG";
				SWIFT_OPTIMIZATION_LEVEL = "-Onone";
				USE_HEADERMAP = NO;
			};
			name = Debug;
		};
		OBJ_329 /* Debug */ = {
			isa = XCBuildConfiguration;
			buildSettings = {
				LD = /usr/bin/true;
				OTHER_SWIFT_FLAGS = "-swift-version 5 -I $(TOOLCHAIN_DIR)/usr/lib/swift/pm/4_2 -target x86_64-apple-macosx10.10 -sdk /Applications/Xcode.app/Contents/Developer/Platforms/MacOSX.platform/Developer/SDKs/MacOSX10.14.sdk";
				SWIFT_VERSION = 5.0;
			};
			name = Debug;
		};
		OBJ_330 /* Release */ = {
			isa = XCBuildConfiguration;
			buildSettings = {
				LD = /usr/bin/true;
				OTHER_SWIFT_FLAGS = "-swift-version 5 -I $(TOOLCHAIN_DIR)/usr/lib/swift/pm/4_2 -target x86_64-apple-macosx10.10 -sdk /Applications/Xcode.app/Contents/Developer/Platforms/MacOSX.platform/Developer/SDKs/MacOSX10.14.sdk";
				SWIFT_VERSION = 5.0;
			};
			name = Release;
		};
		OBJ_335 /* Debug */ = {
			isa = XCBuildConfiguration;
			buildSettings = {
				ENABLE_TESTABILITY = YES;
				FRAMEWORK_SEARCH_PATHS = (
					"$(inherited)",
					"$(PLATFORM_DIR)/Developer/Library/Frameworks",
				);
				HEADER_SEARCH_PATHS = "$(inherited)";
				INFOPLIST_FILE = DecreeServices.xcodeproj/DecreeServices_Info.plist;
				IPHONEOS_DEPLOYMENT_TARGET = 8.0;
				LD_RUNPATH_SEARCH_PATHS = "$(inherited) $(TOOLCHAIN_DIR)/usr/lib/swift/macosx";
				MACOSX_DEPLOYMENT_TARGET = 10.10;
				OTHER_CFLAGS = "$(inherited)";
				OTHER_LDFLAGS = "$(inherited)";
				OTHER_SWIFT_FLAGS = "$(inherited)";
				PRODUCT_BUNDLE_IDENTIFIER = DecreeServices;
				PRODUCT_MODULE_NAME = "$(TARGET_NAME:c99extidentifier)";
				PRODUCT_NAME = "$(TARGET_NAME:c99extidentifier)";
				SKIP_INSTALL = YES;
				SWIFT_ACTIVE_COMPILATION_CONDITIONS = "$(inherited)";
				SWIFT_VERSION = 5.0;
				TARGET_NAME = DecreeServices;
				TVOS_DEPLOYMENT_TARGET = 9.0;
				WATCHOS_DEPLOYMENT_TARGET = 2.0;
			};
			name = Debug;
		};
		OBJ_336 /* Release */ = {
			isa = XCBuildConfiguration;
			buildSettings = {
				ENABLE_TESTABILITY = YES;
				FRAMEWORK_SEARCH_PATHS = (
					"$(inherited)",
					"$(PLATFORM_DIR)/Developer/Library/Frameworks",
				);
				HEADER_SEARCH_PATHS = "$(inherited)";
				INFOPLIST_FILE = DecreeServices.xcodeproj/DecreeServices_Info.plist;
				IPHONEOS_DEPLOYMENT_TARGET = 8.0;
				LD_RUNPATH_SEARCH_PATHS = "$(inherited) $(TOOLCHAIN_DIR)/usr/lib/swift/macosx";
				MACOSX_DEPLOYMENT_TARGET = 10.10;
				OTHER_CFLAGS = "$(inherited)";
				OTHER_LDFLAGS = "$(inherited)";
				OTHER_SWIFT_FLAGS = "$(inherited)";
				PRODUCT_BUNDLE_IDENTIFIER = DecreeServices;
				PRODUCT_MODULE_NAME = "$(TARGET_NAME:c99extidentifier)";
				PRODUCT_NAME = "$(TARGET_NAME:c99extidentifier)";
				SKIP_INSTALL = YES;
				SWIFT_ACTIVE_COMPILATION_CONDITIONS = "$(inherited)";
				SWIFT_VERSION = 5.0;
				TARGET_NAME = DecreeServices;
				TVOS_DEPLOYMENT_TARGET = 9.0;
				WATCHOS_DEPLOYMENT_TARGET = 2.0;
			};
			name = Release;
		};
		OBJ_353 /* Debug */ = {
			isa = XCBuildConfiguration;
			buildSettings = {
				LD = /usr/bin/true;
				OTHER_SWIFT_FLAGS = "-swift-version 5 -I $(TOOLCHAIN_DIR)/usr/lib/swift/pm/4_2 -target x86_64-apple-macosx10.10 -sdk /Applications/Xcode.app/Contents/Developer/Platforms/MacOSX.platform/Developer/SDKs/MacOSX10.14.sdk";
				SWIFT_VERSION = 5.0;
			};
			name = Debug;
		};
		OBJ_354 /* Release */ = {
			isa = XCBuildConfiguration;
			buildSettings = {
				LD = /usr/bin/true;
				OTHER_SWIFT_FLAGS = "-swift-version 5 -I $(TOOLCHAIN_DIR)/usr/lib/swift/pm/4_2 -target x86_64-apple-macosx10.10 -sdk /Applications/Xcode.app/Contents/Developer/Platforms/MacOSX.platform/Developer/SDKs/MacOSX10.14.sdk";
				SWIFT_VERSION = 5.0;
			};
			name = Release;
		};
		OBJ_359 /* Debug */ = {
			isa = XCBuildConfiguration;
			buildSettings = {
			};
			name = Debug;
		};
		OBJ_360 /* Release */ = {
			isa = XCBuildConfiguration;
			buildSettings = {
			};
			name = Release;
		};
		OBJ_364 /* Debug */ = {
			isa = XCBuildConfiguration;
			buildSettings = {
				CLANG_ENABLE_MODULES = YES;
				EMBEDDED_CONTENT_CONTAINS_SWIFT = YES;
				FRAMEWORK_SEARCH_PATHS = (
					"$(inherited)",
					"$(PLATFORM_DIR)/Developer/Library/Frameworks",
				);
				HEADER_SEARCH_PATHS = "$(inherited)";
				INFOPLIST_FILE = DecreeServices.xcodeproj/DecreeServicesTests_Info.plist;
				IPHONEOS_DEPLOYMENT_TARGET = 8.0;
				LD_RUNPATH_SEARCH_PATHS = "$(inherited) @loader_path/../Frameworks @loader_path/Frameworks";
				MACOSX_DEPLOYMENT_TARGET = 10.10;
				OTHER_CFLAGS = "$(inherited)";
				OTHER_LDFLAGS = "$(inherited)";
				OTHER_SWIFT_FLAGS = "$(inherited)";
				SWIFT_ACTIVE_COMPILATION_CONDITIONS = "$(inherited)";
				SWIFT_VERSION = 5.0;
				TARGET_NAME = DecreeServicesTests;
				TVOS_DEPLOYMENT_TARGET = 9.0;
				WATCHOS_DEPLOYMENT_TARGET = 2.0;
			};
			name = Debug;
		};
		OBJ_365 /* Release */ = {
			isa = XCBuildConfiguration;
			buildSettings = {
				CLANG_ENABLE_MODULES = YES;
				EMBEDDED_CONTENT_CONTAINS_SWIFT = YES;
				FRAMEWORK_SEARCH_PATHS = (
					"$(inherited)",
					"$(PLATFORM_DIR)/Developer/Library/Frameworks",
				);
				HEADER_SEARCH_PATHS = "$(inherited)";
				INFOPLIST_FILE = DecreeServices.xcodeproj/DecreeServicesTests_Info.plist;
				IPHONEOS_DEPLOYMENT_TARGET = 8.0;
				LD_RUNPATH_SEARCH_PATHS = "$(inherited) @loader_path/../Frameworks @loader_path/Frameworks";
				MACOSX_DEPLOYMENT_TARGET = 10.10;
				OTHER_CFLAGS = "$(inherited)";
				OTHER_LDFLAGS = "$(inherited)";
				OTHER_SWIFT_FLAGS = "$(inherited)";
				SWIFT_ACTIVE_COMPILATION_CONDITIONS = "$(inherited)";
				SWIFT_VERSION = 5.0;
				TARGET_NAME = DecreeServicesTests;
				TVOS_DEPLOYMENT_TARGET = 9.0;
				WATCHOS_DEPLOYMENT_TARGET = 2.0;
			};
			name = Release;
		};
		OBJ_390 /* Debug */ = {
			isa = XCBuildConfiguration;
			buildSettings = {
				ENABLE_TESTABILITY = YES;
				FRAMEWORK_SEARCH_PATHS = (
					"$(inherited)",
					"$(PLATFORM_DIR)/Developer/Library/Frameworks",
				);
				HEADER_SEARCH_PATHS = "$(inherited)";
				INFOPLIST_FILE = DecreeServices.xcodeproj/XMLCoder_Info.plist;
				IPHONEOS_DEPLOYMENT_TARGET = 8.0;
				LD_RUNPATH_SEARCH_PATHS = "$(inherited) $(TOOLCHAIN_DIR)/usr/lib/swift/macosx";
				MACOSX_DEPLOYMENT_TARGET = 10.10;
				OTHER_CFLAGS = "$(inherited)";
				OTHER_LDFLAGS = "$(inherited)";
				OTHER_SWIFT_FLAGS = "$(inherited)";
				PRODUCT_BUNDLE_IDENTIFIER = XMLCoder;
				PRODUCT_MODULE_NAME = "$(TARGET_NAME:c99extidentifier)";
				PRODUCT_NAME = "$(TARGET_NAME:c99extidentifier)";
				SKIP_INSTALL = YES;
				SWIFT_ACTIVE_COMPILATION_CONDITIONS = "$(inherited)";
				SWIFT_VERSION = 5.0;
				TARGET_NAME = XMLCoder;
				TVOS_DEPLOYMENT_TARGET = 9.0;
				WATCHOS_DEPLOYMENT_TARGET = 2.0;
			};
			name = Debug;
		};
		OBJ_391 /* Release */ = {
			isa = XCBuildConfiguration;
			buildSettings = {
				ENABLE_TESTABILITY = YES;
				FRAMEWORK_SEARCH_PATHS = (
					"$(inherited)",
					"$(PLATFORM_DIR)/Developer/Library/Frameworks",
				);
				HEADER_SEARCH_PATHS = "$(inherited)";
				INFOPLIST_FILE = DecreeServices.xcodeproj/XMLCoder_Info.plist;
				IPHONEOS_DEPLOYMENT_TARGET = 8.0;
				LD_RUNPATH_SEARCH_PATHS = "$(inherited) $(TOOLCHAIN_DIR)/usr/lib/swift/macosx";
				MACOSX_DEPLOYMENT_TARGET = 10.10;
				OTHER_CFLAGS = "$(inherited)";
				OTHER_LDFLAGS = "$(inherited)";
				OTHER_SWIFT_FLAGS = "$(inherited)";
				PRODUCT_BUNDLE_IDENTIFIER = XMLCoder;
				PRODUCT_MODULE_NAME = "$(TARGET_NAME:c99extidentifier)";
				PRODUCT_NAME = "$(TARGET_NAME:c99extidentifier)";
				SKIP_INSTALL = YES;
				SWIFT_ACTIVE_COMPILATION_CONDITIONS = "$(inherited)";
				SWIFT_VERSION = 5.0;
				TARGET_NAME = XMLCoder;
				TVOS_DEPLOYMENT_TARGET = 9.0;
				WATCHOS_DEPLOYMENT_TARGET = 2.0;
			};
			name = Release;
		};
		OBJ_4 /* Release */ = {
			isa = XCBuildConfiguration;
			buildSettings = {
				CLANG_ENABLE_OBJC_ARC = YES;
				COMBINE_HIDPI_IMAGES = YES;
				COPY_PHASE_STRIP = YES;
				DEBUG_INFORMATION_FORMAT = "dwarf-with-dsym";
				DYLIB_INSTALL_NAME_BASE = "@rpath";
				GCC_OPTIMIZATION_LEVEL = s;
				GCC_PREPROCESSOR_DEFINITIONS = (
					"$(inherited)",
					"SWIFT_PACKAGE=1",
				);
				MACOSX_DEPLOYMENT_TARGET = 10.10;
				OTHER_SWIFT_FLAGS = "-DXcode";
				PRODUCT_NAME = "$(TARGET_NAME)";
				SDKROOT = macosx;
				SUPPORTED_PLATFORMS = "macosx iphoneos iphonesimulator appletvos appletvsimulator watchos watchsimulator";
				SWIFT_ACTIVE_COMPILATION_CONDITIONS = "$(inherited) SWIFT_PACKAGE";
				SWIFT_OPTIMIZATION_LEVEL = "-Owholemodule";
				USE_HEADERMAP = NO;
			};
			name = Release;
		};
		OBJ_435 /* Debug */ = {
			isa = XCBuildConfiguration;
			buildSettings = {
				LD = /usr/bin/true;
				OTHER_SWIFT_FLAGS = "-swift-version 5 -I $(TOOLCHAIN_DIR)/usr/lib/swift/pm/4_2 -target x86_64-apple-macosx10.10 -sdk /Applications/Xcode.app/Contents/Developer/Platforms/MacOSX.platform/Developer/SDKs/MacOSX10.14.sdk";
				SWIFT_VERSION = 5.0;
			};
			name = Debug;
		};
		OBJ_436 /* Release */ = {
			isa = XCBuildConfiguration;
			buildSettings = {
				LD = /usr/bin/true;
				OTHER_SWIFT_FLAGS = "-swift-version 5 -I $(TOOLCHAIN_DIR)/usr/lib/swift/pm/4_2 -target x86_64-apple-macosx10.10 -sdk /Applications/Xcode.app/Contents/Developer/Platforms/MacOSX.platform/Developer/SDKs/MacOSX10.14.sdk";
				SWIFT_VERSION = 5.0;
			};
			name = Release;
		};
/* End XCBuildConfiguration section */

/* Begin XCConfigurationList section */
		OBJ_2 /* Build configuration list for PBXProject "DecreeServices" */ = {
			isa = XCConfigurationList;
			buildConfigurations = (
				OBJ_3 /* Debug */,
				OBJ_4 /* Release */,
			);
			defaultConfigurationIsVisible = 0;
			defaultConfigurationName = Release;
		};
		OBJ_205 /* Build configuration list for PBXNativeTarget "CryptoSwift" */ = {
			isa = XCConfigurationList;
			buildConfigurations = (
				OBJ_206 /* Debug */,
				OBJ_207 /* Release */,
			);
			defaultConfigurationIsVisible = 0;
			defaultConfigurationName = Release;
		};
		OBJ_286 /* Build configuration list for PBXNativeTarget "CryptoSwiftPackageDescription" */ = {
			isa = XCConfigurationList;
			buildConfigurations = (
				OBJ_287 /* Debug */,
				OBJ_288 /* Release */,
			);
			defaultConfigurationIsVisible = 0;
			defaultConfigurationName = Release;
		};
		OBJ_292 /* Build configuration list for PBXNativeTarget "Decree" */ = {
			isa = XCConfigurationList;
			buildConfigurations = (
				OBJ_293 /* Debug */,
				OBJ_294 /* Release */,
			);
			defaultConfigurationIsVisible = 0;
			defaultConfigurationName = Release;
		};
		OBJ_328 /* Build configuration list for PBXNativeTarget "DecreePackageDescription" */ = {
			isa = XCConfigurationList;
			buildConfigurations = (
				OBJ_329 /* Debug */,
				OBJ_330 /* Release */,
			);
			defaultConfigurationIsVisible = 0;
			defaultConfigurationName = Release;
		};
		OBJ_334 /* Build configuration list for PBXNativeTarget "DecreeServices" */ = {
			isa = XCConfigurationList;
			buildConfigurations = (
				OBJ_335 /* Debug */,
				OBJ_336 /* Release */,
			);
			defaultConfigurationIsVisible = 0;
			defaultConfigurationName = Release;
		};
		OBJ_352 /* Build configuration list for PBXNativeTarget "DecreeServicesPackageDescription" */ = {
			isa = XCConfigurationList;
			buildConfigurations = (
				OBJ_353 /* Debug */,
				OBJ_354 /* Release */,
			);
			defaultConfigurationIsVisible = 0;
			defaultConfigurationName = Release;
		};
		OBJ_358 /* Build configuration list for PBXAggregateTarget "DecreeServicesPackageTests" */ = {
			isa = XCConfigurationList;
			buildConfigurations = (
				OBJ_359 /* Debug */,
				OBJ_360 /* Release */,
			);
			defaultConfigurationIsVisible = 0;
			defaultConfigurationName = Release;
		};
		OBJ_363 /* Build configuration list for PBXNativeTarget "DecreeServicesTests" */ = {
			isa = XCConfigurationList;
			buildConfigurations = (
				OBJ_364 /* Debug */,
				OBJ_365 /* Release */,
			);
			defaultConfigurationIsVisible = 0;
			defaultConfigurationName = Release;
		};
		OBJ_389 /* Build configuration list for PBXNativeTarget "XMLCoder" */ = {
			isa = XCConfigurationList;
			buildConfigurations = (
				OBJ_390 /* Debug */,
				OBJ_391 /* Release */,
			);
			defaultConfigurationIsVisible = 0;
			defaultConfigurationName = Release;
		};
		OBJ_434 /* Build configuration list for PBXNativeTarget "XMLCoderPackageDescription" */ = {
			isa = XCConfigurationList;
			buildConfigurations = (
				OBJ_435 /* Debug */,
				OBJ_436 /* Release */,
			);
			defaultConfigurationIsVisible = 0;
			defaultConfigurationName = Release;
		};
/* End XCConfigurationList section */
	};
	rootObject = OBJ_1 /* Project object */;
}
